# THIS IS AN AUTOGENERATED FILE. DO NOT EDIT THIS FILE DIRECTLY.
# yarn lockfile v1


"@abp/aspnetcore.mvc.ui.theme.basic@~10.1.0-rc.3":
  version "10.1.0-rc.3"
  resolved "https://registry.yarnpkg.com/@abp/aspnetcore.mvc.ui.theme.basic/-/aspnetcore.mvc.ui.theme.basic-10.1.0-rc.3.tgz#6bdb05f5217213b153fbad5b063d93fd9ddd0bfc"
  integrity sha512-ZEli/vfsEtDjZmtDdPrSUUab0FSUGQFnpuMUBvFP8re1RcUS3HeaZYqKsOQbjUleyC8eb9gwwD7fHoFw86s6RA==
  dependencies:
    "@abp/aspnetcore.mvc.ui.theme.shared" "~10.1.0-rc.3"

"@abp/aspnetcore.mvc.ui.theme.shared@~10.1.0-rc.3":
  version "10.1.0-rc.3"
  resolved "https://registry.yarnpkg.com/@abp/aspnetcore.mvc.ui.theme.shared/-/aspnetcore.mvc.ui.theme.shared-10.1.0-rc.3.tgz#aecad44c173c073ff9bc9fadd78618ab6cebc460"
  integrity sha512-4heShBsSL3IGW63hnvJlcLbnT5VVl6SQx8Du54YZ2YzWTKdWm2ToAflJiVtt9sZ6G6mfF+53cjovwo1SBAi+Ug==
  dependencies:
    "@abp/aspnetcore.mvc.ui" "~10.1.0-rc.3"
    "@abp/bootstrap" "~10.1.0-rc.3"
    "@abp/bootstrap-datepicker" "~10.1.0-rc.3"
    "@abp/bootstrap-daterangepicker" "~10.1.0-rc.3"
    "@abp/datatables.net-bs5" "~10.1.0-rc.3"
    "@abp/font-awesome" "~10.1.0-rc.3"
    "@abp/jquery-form" "~10.1.0-rc.3"
    "@abp/jquery-validation-unobtrusive" "~10.1.0-rc.3"
    "@abp/lodash" "~10.1.0-rc.3"
    "@abp/luxon" "~10.1.0-rc.3"
    "@abp/malihu-custom-scrollbar-plugin" "~10.1.0-rc.3"
    "@abp/moment" "~10.1.0-rc.3"
    "@abp/select2" "~10.1.0-rc.3"
    "@abp/sweetalert2" "~10.1.0-rc.3"
    "@abp/timeago" "~10.1.0-rc.3"

"@abp/aspnetcore.mvc.ui@~10.1.0-rc.3":
  version "10.1.0-rc.3"
  resolved "https://registry.yarnpkg.com/@abp/aspnetcore.mvc.ui/-/aspnetcore.mvc.ui-10.1.0-rc.3.tgz#16754555038d709f762fb757874375ad68b67c84"
  integrity sha512-XcvpFhkoyOrBDSJeBc6bPUTUCR5PivCAUQ+YEYBhj8svY0eE2hcteqGA6rZUKTw31lapE/K+w8WZkfOYNhnsHQ==
  dependencies:
    ansi-colors "^4.1.3"

"@abp/bootstrap-datepicker@~10.1.0-rc.3":
  version "10.1.0-rc.3"
  resolved "https://registry.yarnpkg.com/@abp/bootstrap-datepicker/-/bootstrap-datepicker-10.1.0-rc.3.tgz#7f7162235d151260dad7f307ed5121e18cb42460"
  integrity sha512-0KsY+R2IetWb9VKGpYL4Edl7g7BY3vPr776+/cSO8buIiM68comeTj6bTe6C28JpF50IaSRK7fam58hLhCC8lQ==
  dependencies:
    bootstrap-datepicker "^1.10.1"

"@abp/bootstrap-daterangepicker@~10.1.0-rc.3":
  version "10.1.0-rc.3"
  resolved "https://registry.yarnpkg.com/@abp/bootstrap-daterangepicker/-/bootstrap-daterangepicker-10.1.0-rc.3.tgz#205c0a5f0ca06c8b1f9ee27b6c61ec5414aaa477"
  integrity sha512-iF0ghkSuBdTY0yPvxmcCC4Ou7h24gLH+OpClmWuulk3H+MjmOMx4DWOWKIxiG1lPIdgHeIbKLwor+o/ym320Tg==
  dependencies:
    bootstrap-daterangepicker "^3.1.0"

"@abp/bootstrap@~10.1.0-rc.3":
  version "10.1.0-rc.3"
  resolved "https://registry.yarnpkg.com/@abp/bootstrap/-/bootstrap-10.1.0-rc.3.tgz#42e0184c87b577e93cca5d1c3711c0c81943cd80"
  integrity sha512-SNBqxwp6eZKcQU1knFPpOveHj9duF5GjyxznIq3OVAX+IOfk/gqGxagpiBJrf62P5OselMxhOwPXRZVla6bRJA==
  dependencies:
    "@abp/core" "~10.1.0-rc.3"
    bootstrap "^5.3.8"

"@abp/clipboard@~10.1.0-rc.3":
  version "10.1.0-rc.3"
  resolved "https://registry.yarnpkg.com/@abp/clipboard/-/clipboard-10.1.0-rc.3.tgz#bdadf4926a272058de066f15e4c97ee665ac0e0b"
  integrity sha512-wCUkrWSzvm6uCABYBc9xUSgcaZK065ZcrmfinFgyv0bN2I1SrUlbwhezV5nvB+4XmNWj/UYUQa/8PyTSh4k7xA==
  dependencies:
    "@abp/core" "~10.1.0-rc.3"
    clipboard "^2.0.11"

"@abp/core@~10.1.0-rc.3":
  version "10.1.0-rc.3"
  resolved "https://registry.yarnpkg.com/@abp/core/-/core-10.1.0-rc.3.tgz#7efd439cd5a659781ba05878d3fdcb5afd36d579"
  integrity sha512-nOiZt8cnmPLwUsqQZrZDkyrYOduyEQpu+UxAOySg3Hrosm/16gEcNS6QODZO61nDfVP/I8NNUH3uEF1GDzCsYQ==
  dependencies:
    "@abp/utils" "~10.1.0-rc.3"

"@abp/datatables.net-bs5@~10.1.0-rc.3":
  version "10.1.0-rc.3"
  resolved "https://registry.yarnpkg.com/@abp/datatables.net-bs5/-/datatables.net-bs5-10.1.0-rc.3.tgz#4c34705290f658bef2c59cc4ccb7fd9a5c59d44b"
  integrity sha512-ouAm4uNOo3O/dCQpPCQDTPa/RLY8tiZrucrHBF12WgDCvPyw7X2clOf3NuceMc31lauxMhdlOmh9VL+XJ3TJ0g==
  dependencies:
    "@abp/datatables.net" "~10.1.0-rc.3"
    datatables.net-bs5 "^2.3.4"

"@abp/datatables.net@~10.1.0-rc.3":
  version "10.1.0-rc.3"
  resolved "https://registry.yarnpkg.com/@abp/datatables.net/-/datatables.net-10.1.0-rc.3.tgz#93f5c7ec39b3ce9a3928e3a1df441d1450bba874"
  integrity sha512-lNP6stfJS5i9Dw7mh4hYt7oqvxJSS60KacnOkWWgII4+tOsp/IL+4oLTs3kxGWqnrYRVElQ3frupQGnJmJoT5w==
  dependencies:
    "@abp/jquery" "~10.1.0-rc.3"
    datatables.net "^2.3.4"

"@abp/font-awesome@~10.1.0-rc.3":
  version "10.1.0-rc.3"
  resolved "https://registry.yarnpkg.com/@abp/font-awesome/-/font-awesome-10.1.0-rc.3.tgz#5066d22472bd1135fde4f7e4f320ef03016a5758"
  integrity sha512-38eB3UEM5hNcfDUasDdhdt1Q1DfAme3jp0OxwNQTf2KO+9fAxUjORZS7x2rQ243FKMwctrD7MhaW+N4BeKop0Q==
  dependencies:
    "@abp/core" "~10.1.0-rc.3"
    "@fortawesome/fontawesome-free" "^7.0.1"

"@abp/jquery-form@~10.1.0-rc.3":
  version "10.1.0-rc.3"
  resolved "https://registry.yarnpkg.com/@abp/jquery-form/-/jquery-form-10.1.0-rc.3.tgz#61744b74432b8c971e0f4e02549884d553a0b708"
  integrity sha512-pKoz861oVQSprXxU1Nb9eatdus7Iizxbu2K7qSOO/xlisYmln+h4sn5KOC0WvSa36xRVom6JCAaeQaEGWvSL4g==
  dependencies:
    "@abp/jquery" "~10.1.0-rc.3"
    jquery-form "^4.3.0"

"@abp/jquery-validation-unobtrusive@~10.1.0-rc.3":
  version "10.1.0-rc.3"
  resolved "https://registry.yarnpkg.com/@abp/jquery-validation-unobtrusive/-/jquery-validation-unobtrusive-10.1.0-rc.3.tgz#6b43a9029dadad4f202db3af03addc8f48c30bf0"
  integrity sha512-n4uN4uJC22LKxKrzqhztyxW2H+tENnfUDuxFjELdMxB/dOYFedUMVLFnGZhFEZSv1dlr0ohUOVfRFjeiGwV5Fg==
  dependencies:
    "@abp/jquery-validation" "~10.1.0-rc.3"
    jquery-validation-unobtrusive "^4.0.0"

"@abp/jquery-validation@~10.1.0-rc.3":
  version "10.1.0-rc.3"
  resolved "https://registry.yarnpkg.com/@abp/jquery-validation/-/jquery-validation-10.1.0-rc.3.tgz#6406cceb450980b0e8cb18ff758b3f44aa351f8e"
  integrity sha512-6ShfqEdjGdowUyUr8J5OkP6bDdwU3sI4eKCJqXo5yQgMK4KY1vjm53rk4QM6eZdm3O0S+UOjqRtMwqN+/+PX/w==
  dependencies:
    "@abp/jquery" "~10.1.0-rc.3"
    jquery-validation "^1.21.0"

"@abp/jquery@~10.1.0-rc.3":
  version "10.1.0-rc.3"
  resolved "https://registry.yarnpkg.com/@abp/jquery/-/jquery-10.1.0-rc.3.tgz#1e6f1ae3d1d7a72ad0c1293a653f0e6849fe0f79"
  integrity sha512-0oAXHXmuVdP5ar4ZRKYBEKAKDmYmVdwLG6tq3JNdlwLjeVEdEO74+KbHYpLbcqJSiXY3td6/39EqUSMs0hC2sA==
  dependencies:
    "@abp/core" "~10.1.0-rc.3"
    jquery "~3.7.1"

"@abp/lodash@~10.1.0-rc.3":
  version "10.1.0-rc.3"
  resolved "https://registry.yarnpkg.com/@abp/lodash/-/lodash-10.1.0-rc.3.tgz#2b121bbc989b567d637bb0c81bf400c768fdaa21"
  integrity sha512-D6MP5WQRm7GA8Qoh5PuZur+2ee3QcCFn0AUoqMt1ZUkkGJjL75pmSxTbTPKlIvPibJzP/JzE+hPpK3kKtPYsig==
  dependencies:
    "@abp/core" "~10.1.0-rc.3"
    lodash "^4.17.21"

"@abp/luxon@~10.1.0-rc.3":
  version "10.1.0-rc.3"
  resolved "https://registry.yarnpkg.com/@abp/luxon/-/luxon-10.1.0-rc.3.tgz#2a0196722e293909f20f7fbdb1268a1dea17ecb8"
  integrity sha512-ZsF3kkX8K9sNKDwGdGLvYyvF5hbfXFLe571MTqpmHSgRO20NbAWP34mvfHIdWXXn9SYiWJJtiLfPyIRC4bdvwA==
  dependencies:
    "@abp/core" "~10.1.0-rc.3"
    luxon "^3.7.2"

"@abp/malihu-custom-scrollbar-plugin@~10.1.0-rc.3":
  version "10.1.0-rc.3"
  resolved "https://registry.yarnpkg.com/@abp/malihu-custom-scrollbar-plugin/-/malihu-custom-scrollbar-plugin-10.1.0-rc.3.tgz#0e3478827d19b7b3320b820ec59763db2e61aa79"
  integrity sha512-0k08K83mZBhk0kEbntQFeUepT7xVbbXx3yc4UrZRX1/hO5bGZso89hfQJd+V9fWHmwDVQQ3N/BI2g+1RCmbULQ==
  dependencies:
    "@abp/core" "~10.1.0-rc.3"
    malihu-custom-scrollbar-plugin "^3.1.5"

"@abp/moment@~10.1.0-rc.3":
  version "10.1.0-rc.3"
  resolved "https://registry.yarnpkg.com/@abp/moment/-/moment-10.1.0-rc.3.tgz#02080befcd35c560656de02cf62722acf5d4c894"
  integrity sha512-LSU+MVdW8XHmvBc9Do3Lb2RzLV8C3TxttbvuD+NQCaR4OY4XldT5SK//AwFMaQWOkL7xaaVjeX9nhH/OF6E3Og==
  dependencies:
    moment "^2.30.1"

"@abp/prismjs@~10.1.0-rc.3":
  version "10.1.0-rc.3"
  resolved "https://registry.yarnpkg.com/@abp/prismjs/-/prismjs-10.1.0-rc.3.tgz#6d02feb6ed04f3aa3a02512fdbf6e83d2d34960b"
  integrity sha512-sm6/08J/FqCRuipd3ZqpnG0LYJbI1QfC2dnIPC870Lkq8K6bt6WgRIB6Y+Aifb5PX17v2+YmUwn8bquOZlxwWw==
  dependencies:
    "@abp/clipboard" "~10.1.0-rc.3"
    "@abp/core" "~10.1.0-rc.3"
    prismjs "^1.30.0"

"@abp/select2@~10.1.0-rc.3":
  version "10.1.0-rc.3"
  resolved "https://registry.yarnpkg.com/@abp/select2/-/select2-10.1.0-rc.3.tgz#2fe552fd4d03495ad206fd773376cb1dc29be4ed"
  integrity sha512-eSta5GtAX01bUjnUNWMexh90dwj1B+K1s0Ihy53OMuOz+BHV3tDX3sRAXeLMpq4IqmhrXLNELYgV7WIZU4V7Gg==
  dependencies:
    "@abp/core" "~10.1.0-rc.3"
    select2 "^4.0.13"

"@abp/sweetalert2@~10.1.0-rc.3":
  version "10.1.0-rc.3"
  resolved "https://registry.yarnpkg.com/@abp/sweetalert2/-/sweetalert2-10.1.0-rc.3.tgz#0788a177543bbb64e4ab32c15ed3d476d832c925"
  integrity sha512-arZAT3Z+JuDEW8/rBXJw1adlxtzAvdTeZ79KGb5CbYjJ/R4eJBPJbeBOGgI+eygHnB/JIBy7r5n/qgFLPJvdDg==
  dependencies:
    "@abp/core" "~10.1.0-rc.3"
    sweetalert2 "^11.23.0"

"@abp/timeago@~10.1.0-rc.3":
  version "10.1.0-rc.3"
  resolved "https://registry.yarnpkg.com/@abp/timeago/-/timeago-10.1.0-rc.3.tgz#9959d1fedc46b41027901dec00f5a21b3f4842bb"
  integrity sha512-09Xr2ZXGVO/ExUvi/hwzNLX+UCw4p3XeBzBJu/ksvQlCWpBzaVrho7hDiyT7INhP2IFUlKsYo/ndof7o+fmHeg==
  dependencies:
    "@abp/jquery" "~10.1.0-rc.3"
    timeago "^1.6.7"

"@abp/utils@~10.1.0-rc.3":
  version "10.1.0-rc.3"
  resolved "https://registry.yarnpkg.com/@abp/utils/-/utils-10.1.0-rc.3.tgz#5e30feb739b93ddf7b2fda5e66231f1cfdf397f7"
  integrity sha512-iz7vgIFaCE2ICKeTcDfKAiPc2W5c9gMpCFU7NZEhyAxTVJofprHvinaQXKn/B1wSwv9NTk/7+LIIWIDh0NCuBw==
  dependencies:
    just-compare "^2.3.0"

"@fortawesome/fontawesome-free@^7.0.1":
  version "7.1.0"
  resolved "https://registry.yarnpkg.com/@fortawesome/fontawesome-free/-/fontawesome-free-7.1.0.tgz#8eb76278515341720aa74485266f8be121089529"
  integrity sha512-+WxNld5ZCJHvPQCr/GnzCTVREyStrAJjisUPtUxG5ngDA8TMlPnKp6dddlTpai4+1GNmltAeuk1hJEkBohwZYA==

ansi-colors@^4.1.3:
  version "4.1.3"
  resolved "https://registry.yarnpkg.com/ansi-colors/-/ansi-colors-4.1.3.tgz#37611340eb2243e70cc604cad35d63270d48781b"
  integrity sha512-/6w/C21Pm1A7aZitlI5Ni/2J6FFQN8i1Cvz3kHABAAbw93v/NlvKdVOqz7CCWz/3iv/JplRSEEZ83XION15ovw==

bootstrap-datepicker@^1.10.1:
  version "1.10.1"
  resolved "https://registry.yarnpkg.com/bootstrap-datepicker/-/bootstrap-datepicker-1.10.1.tgz#0a8bec42957ea1ce1272b91bcf2b53696629fb86"
  integrity sha512-GIe+fsLp9Hi30oW7L2v2Q9/a4+aojrIA2p4ZagtLuKw2lpfQgjJjM0L6vl/lYQydGXWUbpoKbEC/O5tzWIkEKQ==
  dependencies:
    jquery ">=3.4.0 <4.0.0"

bootstrap-daterangepicker@^3.1.0:
  version "3.1.0"
  resolved "https://registry.yarnpkg.com/bootstrap-daterangepicker/-/bootstrap-daterangepicker-3.1.0.tgz#632e6fb2de4b6360c5c0a9d5f6adb9aace051fe8"
  integrity sha512-oaQZx6ZBDo/dZNyXGVi2rx5GmFXThyQLAxdtIqjtLlYVaQUfQALl5JZMJJZzyDIX7blfy4ppZPAJ10g8Ma4d/g==
  dependencies:
    jquery ">=1.10"
    moment "^2.9.0"

bootstrap@^5.3.8:
  version "5.3.8"
  resolved "https://registry.yarnpkg.com/bootstrap/-/bootstrap-5.3.8.tgz#6401a10057a22752d21f4e19055508980656aeed"
  integrity sha512-HP1SZDqaLDPwsNiqRqi5NcP0SSXciX2s9E+RyqJIIqGo+vJeN5AJVM98CXmW/Wux0nQ5L7jeWUdplCEf0Ee+tg==

clipboard@^2.0.11:
  version "2.0.11"
  resolved "https://registry.yarnpkg.com/clipboard/-/clipboard-2.0.11.tgz#62180360b97dd668b6b3a84ec226975762a70be5"
  integrity sha512-C+0bbOqkezLIsmWSvlsXS0Q0bmkugu7jcfMIACB+RDEntIzQIkdr148we28AfSloQLRdZlYL/QYyrq05j/3Faw==
  dependencies:
    good-listener "^1.2.2"
    select "^1.1.2"
    tiny-emitter "^2.0.0"

datatables.net-bs5@^2.3.4:
  version "2.3.4"
  resolved "https://registry.yarnpkg.com/datatables.net-bs5/-/datatables.net-bs5-2.3.4.tgz#63326190c20552c8c2c4d19a57ecdd10f0fe27ff"
  integrity sha512-OSoPWhNfiU71VjNP604uTmFRxiX32U7SCW0KRZ2X6z3ZYbIwjjoWcMEjjPWOH3uOqaI0OTDBgOgOs5G28VaJog==
  dependencies:
    datatables.net "2.3.4"
    jquery ">=1.7"

datatables.net@2.3.4, datatables.net@^2.3.4:
  version "2.3.4"
  resolved "https://registry.yarnpkg.com/datatables.net/-/datatables.net-2.3.4.tgz#8cf69f2e6cb8d271be3d5c4f75a479684d20f253"
  integrity sha512-fKuRlrBIdpAl2uIFgl9enKecHB41QmFd/2nN9LBbOvItV/JalAxLcyqdZXex7wX4ZXjnJQEnv6xeS9veOpKzSw==
  dependencies:
    jquery ">=1.7"

delegate@^3.1.2:
  version "3.2.0"
  resolved "https://registry.yarnpkg.com/delegate/-/delegate-3.2.0.tgz#b66b71c3158522e8ab5744f720d8ca0c2af59166"
  integrity sha512-IofjkYBZaZivn0V8nnsMJGBr4jVLxHDheKSW88PyxS5QC4Vo9ZbZVvhzlSxY87fVq3STR6r+4cGepyHkcWOQSw==

good-listener@^1.2.2:
  version "1.2.2"
  resolved "https://registry.yarnpkg.com/good-listener/-/good-listener-1.2.2.tgz#d53b30cdf9313dffb7dc9a0d477096aa6d145c50"
  integrity sha512-goW1b+d9q/HIwbVYZzZ6SsTr4IgE+WA44A0GmPIQstuOrgsFcT7VEJ48nmr9GaRtNu0XTKacFLGnBPAM6Afouw==
  dependencies:
    delegate "^3.1.2"

jquery-form@^4.3.0:
  version "4.3.0"
  resolved "https://registry.yarnpkg.com/jquery-form/-/jquery-form-4.3.0.tgz#7d3961c314a1f2d15298f4af1d3943f54f4149c6"
  integrity sha512-q3uaVCEWdLOYUCI6dpNdwf/7cJFOsUgdpq6r0taxtGQ5NJSkOzofyWm4jpOuJ5YxdmL1FI5QR+q+HB63HHLGnQ==
  dependencies:
    jquery ">=1.7.2"

jquery-mousewheel@>=3.0.6:
  version "3.1.13"
  resolved "https://registry.yarnpkg.com/jquery-mousewheel/-/jquery-mousewheel-3.1.13.tgz#06f0335f16e353a695e7206bf50503cb523a6ee5"
  integrity sha512-GXhSjfOPyDemM005YCEHvzrEALhKDIswtxSHSR2e4K/suHVJKJxxRCGz3skPjNxjJjQa9AVSGGlYjv1M3VLIPg==

jquery-validation-unobtrusive@^4.0.0:
  version "4.0.0"
  resolved "https://registry.yarnpkg.com/jquery-validation-unobtrusive/-/jquery-validation-unobtrusive-4.0.0.tgz#dfcf25a558496a2c883db6021d10f5398d15f99d"
  integrity sha512-1ervYFFv6LX/rp7ktuLnMakHNG0piNRDyROI8Ir3hL1vPIwylAehB1AY3BPrYJnzW3WmwWryZq+Bz4sazZK9iQ==
  dependencies:
    jquery "^3.6.0"
    jquery-validation ">=1.19"

jquery-validation@>=1.19, jquery-validation@^1.21.0:
  version "1.21.0"
  resolved "https://registry.yarnpkg.com/jquery-validation/-/jquery-validation-1.21.0.tgz#78fc05ab76020912a246af3661b3f54a438bca93"
  integrity sha512-xNot0rlUIgu7duMcQ5qb6MGkGL/Z1PQaRJQoZAURW9+a/2PGOUxY36o/WyNeP2T9R6jvWB8Z9lUVvvQWI/Zs5w==

jquery@>=1.10, "jquery@>=1.5.0 <4.0", jquery@>=1.7, jquery@>=1.7.2:
  version "3.6.4"
  resolved "https://registry.yarnpkg.com/jquery/-/jquery-3.6.4.tgz#ba065c188142100be4833699852bf7c24dc0252f"
  integrity sha512-v28EW9DWDFpzcD9O5iyJXg3R3+q+mET5JhnjJzQUZMHOv67bpSIHq81GEYpPNZHG+XXHsfSme3nxp/hndKEcsQ==

"jquery@>=3.4.0 <4.0.0", jquery@^3.6.0, jquery@~3.7.1:
  version "3.7.1"
  resolved "https://registry.yarnpkg.com/jquery/-/jquery-3.7.1.tgz#083ef98927c9a6a74d05a6af02806566d16274de"
  integrity sha512-m4avr8yL8kmFN8psrbFFFmB/If14iN5o9nw/NgnnM+kybDJpRsAynV2BsfpTYrTRysYUdADVD7CkUUizgkpLfg==

just-compare@^2.3.0:
  version "2.3.0"
  resolved "https://registry.yarnpkg.com/just-compare/-/just-compare-2.3.0.tgz#a2adcc1d1940536263275f5a1ef1298bcacfeda7"
  integrity sha512-6shoR7HDT+fzfL3gBahx1jZG3hWLrhPAf+l7nCwahDdT9XDtosB9kIF0ZrzUp5QY8dJWfQVr5rnsPqsbvflDzg==

lodash@^4.17.21:
  version "4.17.21"
  resolved "https://registry.yarnpkg.com/lodash/-/lodash-4.17.21.tgz#679591c564c3bffaae8454cf0b3df370c3d6911c"
  integrity sha512-v2kDEe57lecTulaDIuNTPy3Ry4gLGJ6Z1O3vE1krgXZNrsQ+LFTGHVxVjcXPs17LhbZVGedAJv8XZ1tvj5FvSg==

luxon@^3.7.2:
  version "3.7.2"
  resolved "https://registry.yarnpkg.com/luxon/-/luxon-3.7.2.tgz#d697e48f478553cca187a0f8436aff468e3ba0ba"
  integrity sha512-vtEhXh/gNjI9Yg1u4jX/0YVPMvxzHuGgCm6tC5kZyb08yjGWGnqAjGJvcXbqQR2P3MyMEFnRbpcdFS6PBcLqew==

malihu-custom-scrollbar-plugin@^3.1.5:
  version "3.1.5"
  resolved "https://registry.yarnpkg.com/malihu-custom-scrollbar-plugin/-/malihu-custom-scrollbar-plugin-3.1.5.tgz#310cecc5e59415a1c29e9dfb5d2b6e01d66a29ef"
  integrity sha512-lwW3LgI+CNDMPnP4ED2la6oYxWMkCXlnhex+s2wuOLhFDFGnGmQuTQVdRK9bvDLpxs10sGlfErVufJy9ztfgJQ==
  dependencies:
    jquery-mousewheel ">=3.0.6"

moment@^2.30.1:
  version "2.30.1"
  resolved "https://registry.yarnpkg.com/moment/-/moment-2.30.1.tgz#f8c91c07b7a786e30c59926df530b4eac96974ae"
  integrity sha512-uEmtNhbDOrWPFS+hdjFCBfy9f2YoyzRpwcl+DqpC6taX21FzsTLQVbMV/W7PzNSX6x/bhC1zA3c2UQ5NzH6how==

moment@^2.9.0:
  version "2.29.4"
  resolved "https://registry.yarnpkg.com/moment/-/moment-2.29.4.tgz#3dbe052889fe7c1b2ed966fcb3a77328964ef108"
  integrity sha512-5LC9SOxjSc2HF6vO2CyuTDNivEdoz2IvyJJGj6X8DJ0eFyfszE0QiEd+iXmBvUP3WHxSjFH/vIsA0EN00cgr8w==

prismjs@^1.30.0:
  version "1.30.0"
  resolved "https://registry.yarnpkg.com/prismjs/-/prismjs-1.30.0.tgz#d9709969d9d4e16403f6f348c63553b19f0975a9"
  integrity sha512-DEvV2ZF2r2/63V+tK8hQvrR2ZGn10srHbXviTlcv7Kpzw8jWiNTqbVgjO3IY8RxrrOUF8VPMQQFysYYYv0YZxw==

select2@^4.0.13:
  version "4.0.13"
  resolved "https://registry.yarnpkg.com/select2/-/select2-4.0.13.tgz#0dbe377df3f96167c4c1626033e924372d8ef44d"
  integrity sha512-1JeB87s6oN/TDxQQYCvS5EFoQyvV6eYMZZ0AeA4tdFDYWN3BAGZ8npr17UBFddU0lgAt3H0yjX3X6/ekOj1yjw==

select@^1.1.2:
  version "1.1.2"
  resolved "https://registry.yarnpkg.com/select/-/select-1.1.2.tgz#0e7350acdec80b1108528786ec1d4418d11b396d"
  integrity sha512-OwpTSOfy6xSs1+pwcNrv0RBMOzI39Lp3qQKUTPVVPRjCdNa5JH/oPRiqsesIskK8TVgmRiHwO4KXlV2Li9dANA==

sweetalert2@^11.23.0:
  version "11.26.3"
  resolved "https://registry.yarnpkg.com/sweetalert2/-/sweetalert2-11.26.3.tgz#6e8188cf71818af34d62fe33a2465690cde9836d"
  integrity sha512-VU0hGw/WfI9h7Mh+SCsDlWgtxDwWZ6ccqS7QcO8zEeWnwplN1GptcLstq76OluUBSLUza6ldvKd3558OhjpJ9A==

timeago@^1.6.7:
  version "1.6.7"
  resolved "https://registry.yarnpkg.com/timeago/-/timeago-1.6.7.tgz#afd467c29a911e697fc22a81888c7c3022783cb5"
  integrity sha512-FikcjN98+ij0siKH4VO4dZ358PR3oDDq4Vdl1+sN9gWz1/+JXGr3uZbUShYH/hL7bMhcTpPbplJU5Tej4b4jbQ==
  dependencies:
    jquery ">=1.5.0 <4.0"

tiny-emitter@^2.0.0:
  version "2.1.0"
  resolved "https://registry.yarnpkg.com/tiny-emitter/-/tiny-emitter-2.1.0.tgz#1d1a56edfc51c43e863cbb5382a72330e3555423"
  integrity sha512-NB6Dk1A9xgQPMoGqC5CVXn123gWyte215ONT5Pp5a0yt4nlEoO1ZWeCwpncaekPHXO60i47ihFnZPiRPjRMq4Q==
