# THIS IS AN AUTOGENERATED FILE. DO NOT EDIT THIS FILE DIRECTLY.
# yarn lockfile v1


"@abp/aspnetcore.mvc.ui.theme.basic@~8.2.0-rc.3":
  version "8.2.0-rc.3"
  resolved "https://registry.yarnpkg.com/@abp/aspnetcore.mvc.ui.theme.basic/-/aspnetcore.mvc.ui.theme.basic-8.2.0-rc.3.tgz#ade99976f35ceddd814db8c3e5e376e8664f22eb"
  integrity sha512-IaBP/R/lMY5KNP8NIny4ydjJTqlWu1z2lM0lkWoNFhhBq9dmLEVKDJjzaeU4/UOhM8bHqEhvrWt2wh4me/SYIQ==
  dependencies:
    "@abp/aspnetcore.mvc.ui.theme.shared" "~8.2.0-rc.3"

"@abp/aspnetcore.mvc.ui.theme.shared@~8.2.0-rc.3":
  version "8.2.0-rc.3"
  resolved "https://registry.yarnpkg.com/@abp/aspnetcore.mvc.ui.theme.shared/-/aspnetcore.mvc.ui.theme.shared-8.2.0-rc.3.tgz#39591ad57565941fef36eec043b3c77f370bfa03"
  integrity sha512-fE0Eevh7Y3pVHh6sbUTJaguCJMIiIhXkfRcVDYEkY+UZ33hfsodAzhKH7byb8AV6xWD/kfacsrtXpMP5zb6hPA==
  dependencies:
    "@abp/aspnetcore.mvc.ui" "~8.2.0-rc.3"
    "@abp/bootstrap" "~8.2.0-rc.3"
    "@abp/bootstrap-datepicker" "~8.2.0-rc.3"
    "@abp/bootstrap-daterangepicker" "~8.2.0-rc.3"
    "@abp/datatables.net-bs5" "~8.2.0-rc.3"
    "@abp/font-awesome" "~8.2.0-rc.3"
    "@abp/jquery-form" "~8.2.0-rc.3"
    "@abp/jquery-validation-unobtrusive" "~8.2.0-rc.3"
    "@abp/lodash" "~8.2.0-rc.3"
    "@abp/luxon" "~8.2.0-rc.3"
    "@abp/malihu-custom-scrollbar-plugin" "~8.2.0-rc.3"
    "@abp/moment" "~8.2.0-rc.3"
    "@abp/select2" "~8.2.0-rc.3"
    "@abp/sweetalert2" "~8.2.0-rc.3"
    "@abp/timeago" "~8.2.0-rc.3"
    "@abp/toastr" "~8.2.0-rc.3"

"@abp/aspnetcore.mvc.ui@~8.2.0-rc.3":
  version "8.2.0-rc.3"
  resolved "https://registry.yarnpkg.com/@abp/aspnetcore.mvc.ui/-/aspnetcore.mvc.ui-8.2.0-rc.3.tgz#f4ee679bdc6151b0e91b74c3d249963507cc3ecf"
  integrity sha512-3dROllA2K9DGngy+hvTTpZUwvCjDEZy/3ec1X07TgIcioYKDis6vN+nDP4QcSAu3Fa4VEJderxizSCAJejbURQ==
  dependencies:
    ansi-colors "^4.1.1"

"@abp/bootstrap-datepicker@~8.2.0-rc.3":
  version "8.2.0-rc.3"
  resolved "https://registry.yarnpkg.com/@abp/bootstrap-datepicker/-/bootstrap-datepicker-8.2.0-rc.3.tgz#79ffeb35b9c46bc609d0341af83b463951f1c75a"
  integrity sha512-PNLefHKC07GDAZy9TI8J6S/4+0bYJ7ajlZjjG3zAO248lG5RvRb6q2Mza0uMpNpVmh2mvowxpveS/s5iFMy4hA==
  dependencies:
    bootstrap-datepicker "^1.9.0"

"@abp/bootstrap-daterangepicker@~8.2.0-rc.3":
  version "8.2.0-rc.3"
  resolved "https://registry.yarnpkg.com/@abp/bootstrap-daterangepicker/-/bootstrap-daterangepicker-8.2.0-rc.3.tgz#00d685f8c568713da9faf9d1f9a29a2cf81399c4"
  integrity sha512-2SQii4h9YbkvbkDU4HXBSjIXGlfISMnNweQju7R/HsvwHmSeMYs/UpjQyBjQalJnsl/arYH++bQamUb6QkgTzg==
  dependencies:
    bootstrap-daterangepicker "^3.1.0"

"@abp/bootstrap@~8.2.0-rc.3":
  version "8.2.0-rc.3"
  resolved "https://registry.yarnpkg.com/@abp/bootstrap/-/bootstrap-8.2.0-rc.3.tgz#518319bd863e24c69c147f57e5b08ba51598098d"
  integrity sha512-Q1S8MF44BjIHO0zCLq6tQ97SfGZ0AmucnSvjEA2QaYG+t6vcLulgVqOC+YhaiLVIz72nOZ6n822c5nnI+PvsAA==
  dependencies:
    "@abp/core" "~8.2.0-rc.3"
    bootstrap "^5.1.3"

"@abp/clipboard@~8.2.0-rc.3":
  version "8.2.0-rc.3"
  resolved "https://registry.yarnpkg.com/@abp/clipboard/-/clipboard-8.2.0-rc.3.tgz#dccbed56abc365aa8a1347b38ce4d33b77335d5c"
  integrity sha512-jqD48p4N3DR46v3eo8v/+Y7olOr3QcrFvv3QIbjEIGywYGepOv1W4nhmVQSwHRZqyOCSXr7E/vJZZahfsGKeQg==
  dependencies:
    "@abp/core" "~8.2.0-rc.3"
    clipboard "^2.0.8"

"@abp/core@~8.2.0-rc.3":
  version "8.2.0-rc.3"
  resolved "https://registry.yarnpkg.com/@abp/core/-/core-8.2.0-rc.3.tgz#7f78600e91d2a5f4d7ea75ce4be541d9c23d5db8"
  integrity sha512-0jBUCt6Q7ZoaZ1tciliIYfVZE75qZtkFZ/unkz1MeToo+djFGt8oyXhoZ/0vG2t6yG0BzN+TajAbcZ81F+isKQ==
  dependencies:
    "@abp/utils" "~8.2.0-rc.3"

"@abp/datatables.net-bs5@~8.2.0-rc.3":
  version "8.2.0-rc.3"
  resolved "https://registry.yarnpkg.com/@abp/datatables.net-bs5/-/datatables.net-bs5-8.2.0-rc.3.tgz#4b56059400e53acb7f6ae74fc3a0c07c8de74413"
  integrity sha512-fcw9KNyfdPj6s3AjyoHvrXQLYHajrollnPitO0jLLiaYjTf8DkWaCQY/yAwcJqzZlvv9P3A56VlWpBye1iHowQ==
  dependencies:
    "@abp/datatables.net" "~8.2.0-rc.3"
    datatables.net-bs5 "^1.11.4"

"@abp/datatables.net@~8.2.0-rc.3":
  version "8.2.0-rc.3"
  resolved "https://registry.yarnpkg.com/@abp/datatables.net/-/datatables.net-8.2.0-rc.3.tgz#e701ed17dcbe799d227606638c99e7c120ad714e"
  integrity sha512-C1yvafNg5LtnWVqDX7Z9lyhRrWVntymdI0BfP2V4SDVeqoSTLwf859vWn2/WYyDAgtiuqGyW7YdUTHWq+aSppw==
  dependencies:
    "@abp/jquery" "~8.2.0-rc.3"
    datatables.net "^1.11.4"

"@abp/font-awesome@~8.2.0-rc.3":
  version "8.2.0-rc.3"
  resolved "https://registry.yarnpkg.com/@abp/font-awesome/-/font-awesome-8.2.0-rc.3.tgz#091403b45dc310cdf71537e79cfdfb081a6ab90b"
  integrity sha512-kIVENG5e/WyIr63q6ka6sedmF+kTNSZKr0TUt7mUntJPoY8HQAizcC6SF6/w/xJAgNyVVrOe4+2LPpIkbwLK6g==
  dependencies:
    "@abp/core" "~8.2.0-rc.3"
    "@fortawesome/fontawesome-free" "^6.5.1"

"@abp/jquery-form@~8.2.0-rc.3":
  version "8.2.0-rc.3"
  resolved "https://registry.yarnpkg.com/@abp/jquery-form/-/jquery-form-8.2.0-rc.3.tgz#30fe28736094fa44d22df7fc65ffbcf8f33c671d"
  integrity sha512-LfiY4EaDHGQAHjF9i92KLDpc5HH7LUNo+pEEv9JQEvSsTH+JuN1aUf85bxX8GkY63BJbS+vVKGe2YmZJeQjGlA==
  dependencies:
    "@abp/jquery" "~8.2.0-rc.3"
    jquery-form "^4.3.0"

"@abp/jquery-validation-unobtrusive@~8.2.0-rc.3":
  version "8.2.0-rc.3"
  resolved "https://registry.yarnpkg.com/@abp/jquery-validation-unobtrusive/-/jquery-validation-unobtrusive-8.2.0-rc.3.tgz#6829a9022d9d759e7b2c8719f0c44f70a369f618"
  integrity sha512-C1NEsXZW6SFBo5zYaMv5GGAF6kUh1StVVnCy+AMeHOu2MffucxMQP+EdXFoWgaG+8bdcJAImHVaMUxBmi8OtDA==
  dependencies:
    "@abp/jquery-validation" "~8.2.0-rc.3"
    jquery-validation-unobtrusive "^3.2.12"

"@abp/jquery-validation@~8.2.0-rc.3":
  version "8.2.0-rc.3"
  resolved "https://registry.yarnpkg.com/@abp/jquery-validation/-/jquery-validation-8.2.0-rc.3.tgz#91e3158189c83dd94da358d4cb86acde751512f7"
  integrity sha512-kigDjMUZ/n+1d3THZW5fH0RhfP79+LtqnmATwpACERDdJUBKDSJ7O6sY3Zu8HqTHB8vAuNuYBpYpkIaAg+KocA==
  dependencies:
    "@abp/jquery" "~8.2.0-rc.3"
    jquery-validation "^1.19.3"

"@abp/jquery@~8.2.0-rc.3":
  version "8.2.0-rc.3"
  resolved "https://registry.yarnpkg.com/@abp/jquery/-/jquery-8.2.0-rc.3.tgz#329f18570fb090d059b10aee79ae7a9e6a324c97"
  integrity sha512-j2GByw2EDpQZfWkuJkQ8aGIvtP3rAkIfXiz0KG/lAn6WhmQpQSuE7x6tkmGBaGKp+TP7KrTb6FZraOdVQzWoWA==
  dependencies:
    "@abp/core" "~8.2.0-rc.3"
    jquery "~3.6.0"

"@abp/lodash@~8.2.0-rc.3":
  version "8.2.0-rc.3"
  resolved "https://registry.yarnpkg.com/@abp/lodash/-/lodash-8.2.0-rc.3.tgz#2a9d4f0cce96509d1547e57f499402128b080607"
  integrity sha512-/4ZdVFTTLkzHEtpmIg9f8obLfyfAOLyXGXmfyklclvr14TxIINUjsDdvSKnVNYsT8R8vZkRqkuGYvk21ccE8tg==
  dependencies:
    "@abp/core" "~8.2.0-rc.3"
    lodash "^4.17.21"

"@abp/luxon@~8.2.0-rc.3":
  version "8.2.0-rc.3"
  resolved "https://registry.yarnpkg.com/@abp/luxon/-/luxon-8.2.0-rc.3.tgz#5cff88da204f5b7737519a31c5e683f88a9b3ac8"
  integrity sha512-b4h0uMIChqnvq2/U1gqirdgxvL3kQlQWoFMzhX/ahIKL8rXzh0v+Db8Cd6VV0eRIT6JowviYAqfqz5l0fWDPRg==
  dependencies:
    "@abp/core" "~8.2.0-rc.3"
    luxon "^2.3.0"

"@abp/malihu-custom-scrollbar-plugin@~8.2.0-rc.3":
  version "8.2.0-rc.3"
  resolved "https://registry.yarnpkg.com/@abp/malihu-custom-scrollbar-plugin/-/malihu-custom-scrollbar-plugin-8.2.0-rc.3.tgz#c6db0bdc0cc64c7f95b35c030828db7d2d8b989b"
  integrity sha512-SwBQlS6FYemkJXvdadT9sQiGXz8Fz9PRAjAD00MBUObqT2/RtvB82ssaNT5E1+HikveZ0p75yq7nOLh2zWhn9Q==
  dependencies:
    "@abp/core" "~8.2.0-rc.3"
    malihu-custom-scrollbar-plugin "^3.1.5"

"@abp/moment@~8.2.0-rc.3":
  version "8.2.0-rc.3"
  resolved "https://registry.yarnpkg.com/@abp/moment/-/moment-8.2.0-rc.3.tgz#1bab0a10d131664e7151c2be5f41fddf4c2859f0"
  integrity sha512-2qrczEiKg2H1ObT3md5TSRtufbvy5nsm7RxUmBLhh1TrUCsUN6YHw9ROTGkzIST686Ew3j4GgZGdJuelZteqWA==
  dependencies:
    moment "^2.9.0"

"@abp/prismjs@~8.2.0-rc.3":
  version "8.2.0-rc.3"
  resolved "https://registry.yarnpkg.com/@abp/prismjs/-/prismjs-8.2.0-rc.3.tgz#635335a1606e8f3c0e0353598a438f851be754b0"
  integrity sha512-KR4xmoAwtsuQTXl4HrfC9ODmaAd/9ehrkrwXkduXid/+i79DuCILLUxdpz/lQG6axAbTwhagmfdJQuqDgsvM1w==
  dependencies:
    "@abp/clipboard" "~8.2.0-rc.3"
    "@abp/core" "~8.2.0-rc.3"
    prismjs "^1.26.0"

"@abp/select2@~8.2.0-rc.3":
  version "8.2.0-rc.3"
  resolved "https://registry.yarnpkg.com/@abp/select2/-/select2-8.2.0-rc.3.tgz#ae182953d45aca5f5ab5ddb5dded5efea23c6400"
  integrity sha512-V8Hzdw1kGaR3K11//iCU+nRV81NPmAR1ZeIPgeZrS9C+9835O/yVhYI4QZk8OdLOIStiJbkVU7bOOt9mhFO8tw==
  dependencies:
    "@abp/core" "~8.2.0-rc.3"
    select2 "^4.0.13"

"@abp/sweetalert2@~8.2.0-rc.3":
  version "8.2.0-rc.3"
  resolved "https://registry.yarnpkg.com/@abp/sweetalert2/-/sweetalert2-8.2.0-rc.3.tgz#dffe9862d7836ceaf5a057014acca28b756167f3"
  integrity sha512-MgvA8sojsr8QH/ERBw+tZjiPu+6Kj1yozyaQ7r8je6wCWt0CUv+X6AFHp0WAaREssDclArF5h4b1GD6mP33w7g==
  dependencies:
    "@abp/core" "~8.2.0-rc.3"
    sweetalert2 "^11.3.6"

"@abp/timeago@~8.2.0-rc.3":
  version "8.2.0-rc.3"
  resolved "https://registry.yarnpkg.com/@abp/timeago/-/timeago-8.2.0-rc.3.tgz#00d463fb890b1e41268c0599039b0a4318848569"
  integrity sha512-RpoEKExLhnZlqFvYgsUFpyFpHCrrO17tSf+iLRNokMPQHp0BXT0sV2UFg0Cw51XQg5NKWp9cL+bY2IEOe1qwIA==
  dependencies:
    "@abp/jquery" "~8.2.0-rc.3"
    timeago "^1.6.7"

"@abp/toastr@~8.2.0-rc.3":
  version "8.2.0-rc.3"
  resolved "https://registry.yarnpkg.com/@abp/toastr/-/toastr-8.2.0-rc.3.tgz#1a3b85b23a352f3b6e0480185a0ca91ab142a251"
  integrity sha512-EC9EOio5ObgsjYa2fB8v4pgBPKiJ8Lbb7K+lKSQPxZSuqLrw+hEixgqZ0S9bBz5jxNRyqMFBdWAmYU6Vt5zzig==
  dependencies:
    "@abp/jquery" "~8.2.0-rc.3"
    toastr "^2.1.4"

"@abp/utils@~8.2.0-rc.3":
  version "8.2.0-rc.3"
  resolved "https://registry.yarnpkg.com/@abp/utils/-/utils-8.2.0-rc.3.tgz#94c9708e7af563a55a163fd4b57d1b276db61da3"
  integrity sha512-SAfmjq5MXW32IlXxkN9zZhOtgSgoAhE2OENYPk9eAHsEtkJ7f9+Q+vOE3oJPBI7lFv0K/lee3FrEbDQBsB5XHA==
  dependencies:
    just-compare "^2.3.0"

"@fortawesome/fontawesome-free@^6.5.1":
  version "6.5.1"
  resolved "https://registry.yarnpkg.com/@fortawesome/fontawesome-free/-/fontawesome-free-6.5.1.tgz#55cc8410abf1003b726324661ce5b0d1c10de258"
  integrity sha512-CNy5vSwN3fsUStPRLX7fUYojyuzoEMSXPl7zSLJ8TgtRfjv24LOnOWKT2zYwaHZCJGkdyRnTmstR0P+Ah503Gw==

ansi-colors@^4.1.1:
  version "4.1.3"
  resolved "https://registry.yarnpkg.com/ansi-colors/-/ansi-colors-4.1.3.tgz#37611340eb2243e70cc604cad35d63270d48781b"
  integrity sha512-/6w/C21Pm1A7aZitlI5Ni/2J6FFQN8i1Cvz3kHABAAbw93v/NlvKdVOqz7CCWz/3iv/JplRSEEZ83XION15ovw==

bootstrap-datepicker@^1.9.0:
  version "1.9.0"
  resolved "https://registry.yarnpkg.com/bootstrap-datepicker/-/bootstrap-datepicker-1.9.0.tgz#e4bfce3fcce1967876b21dc6833ec5994aaed090"
  integrity sha512-9rYYbaVOheGYxjOr/+bJCmRPihfy+LkLSg4fIFMT9Od8WwWB/MB50w0JO1eBgKUMbb7PFHQD5uAfI3ArAxZRXA==
  dependencies:
    jquery ">=1.7.1 <4.0.0"

bootstrap-daterangepicker@^3.1.0:
  version "3.1.0"
  resolved "https://registry.yarnpkg.com/bootstrap-daterangepicker/-/bootstrap-daterangepicker-3.1.0.tgz#632e6fb2de4b6360c5c0a9d5f6adb9aace051fe8"
  integrity sha512-oaQZx6ZBDo/dZNyXGVi2rx5GmFXThyQLAxdtIqjtLlYVaQUfQALl5JZMJJZzyDIX7blfy4ppZPAJ10g8Ma4d/g==
  dependencies:
    jquery ">=1.10"
    moment "^2.9.0"

bootstrap@^5.1.3:
  version "5.2.3"
  resolved "https://registry.yarnpkg.com/bootstrap/-/bootstrap-5.2.3.tgz#54739f4414de121b9785c5da3c87b37ff008322b"
  integrity sha512-cEKPM+fwb3cT8NzQZYEu4HilJ3anCrWqh3CHAok1p9jXqMPsPTBhU25fBckEJHJ/p+tTxTFTsFQGM+gaHpi3QQ==

clipboard@^2.0.8:
  version "2.0.11"
  resolved "https://registry.yarnpkg.com/clipboard/-/clipboard-2.0.11.tgz#62180360b97dd668b6b3a84ec226975762a70be5"
  integrity sha512-C+0bbOqkezLIsmWSvlsXS0Q0bmkugu7jcfMIACB+RDEntIzQIkdr148we28AfSloQLRdZlYL/QYyrq05j/3Faw==
  dependencies:
    good-listener "^1.2.2"
    select "^1.1.2"
    tiny-emitter "^2.0.0"

datatables.net-bs5@^1.11.4:
  version "1.13.4"
  resolved "https://registry.yarnpkg.com/datatables.net-bs5/-/datatables.net-bs5-1.13.4.tgz#c73058782484cb84d9bc3ae9b8c0f1950b78bf2b"
  integrity sha512-+gtaiau4vJeuGvnsYWmQy9gqa5XQ15XmkdwpK5EjwYCMzZZEXMQ3wfu2FddBcX5tX9Ual8C+Tf1s2gmqLGNbKQ==
  dependencies:
    datatables.net ">=1.12.1"
    jquery ">=1.7"

datatables.net@>=1.12.1, datatables.net@^1.11.4:
  version "1.13.4"
  resolved "https://registry.yarnpkg.com/datatables.net/-/datatables.net-1.13.4.tgz#9a809cee82eca0a884e10b4d47a3a3d6e65e9fe7"
  integrity sha512-yzhArTOB6tPO2QFKm1z3hA4vabtt2hRvgw8XLsT1xqEirinfGYqWDiWXlkTPTaJv2e7gG+Kf985sXkzBFlGrGQ==
  dependencies:
    jquery ">=1.7"

delegate@^3.1.2:
  version "3.2.0"
  resolved "https://registry.yarnpkg.com/delegate/-/delegate-3.2.0.tgz#b66b71c3158522e8ab5744f720d8ca0c2af59166"
  integrity sha512-IofjkYBZaZivn0V8nnsMJGBr4jVLxHDheKSW88PyxS5QC4Vo9ZbZVvhzlSxY87fVq3STR6r+4cGepyHkcWOQSw==

good-listener@^1.2.2:
  version "1.2.2"
  resolved "https://registry.yarnpkg.com/good-listener/-/good-listener-1.2.2.tgz#d53b30cdf9313dffb7dc9a0d477096aa6d145c50"
  integrity sha512-goW1b+d9q/HIwbVYZzZ6SsTr4IgE+WA44A0GmPIQstuOrgsFcT7VEJ48nmr9GaRtNu0XTKacFLGnBPAM6Afouw==
  dependencies:
    delegate "^3.1.2"

jquery-form@^4.3.0:
  version "4.3.0"
  resolved "https://registry.yarnpkg.com/jquery-form/-/jquery-form-4.3.0.tgz#7d3961c314a1f2d15298f4af1d3943f54f4149c6"
  integrity sha512-q3uaVCEWdLOYUCI6dpNdwf/7cJFOsUgdpq6r0taxtGQ5NJSkOzofyWm4jpOuJ5YxdmL1FI5QR+q+HB63HHLGnQ==
  dependencies:
    jquery ">=1.7.2"

jquery-mousewheel@>=3.0.6:
  version "3.1.13"
  resolved "https://registry.yarnpkg.com/jquery-mousewheel/-/jquery-mousewheel-3.1.13.tgz#06f0335f16e353a695e7206bf50503cb523a6ee5"
  integrity sha512-GXhSjfOPyDemM005YCEHvzrEALhKDIswtxSHSR2e4K/suHVJKJxxRCGz3skPjNxjJjQa9AVSGGlYjv1M3VLIPg==

jquery-validation-unobtrusive@^3.2.12:
  version "3.2.12"
  resolved "https://registry.yarnpkg.com/jquery-validation-unobtrusive/-/jquery-validation-unobtrusive-3.2.12.tgz#1d52841f653e516525c251e494b042e664dad8af"
  integrity sha512-kPixGhVcuat7vZXngGFfSIksy4VlzZcHyRgnBIZdsfVneCU+D5sITC8T8dD/9c9K/Q+qkMlgp7ufJHz93nKSuQ==
  dependencies:
    jquery "^3.5.1"
    jquery-validation ">=1.16"

jquery-validation@>=1.16, jquery-validation@^1.19.3:
  version "1.19.5"
  resolved "https://registry.yarnpkg.com/jquery-validation/-/jquery-validation-1.19.5.tgz#557495b7cad79716897057c4447ad3cd76fda811"
  integrity sha512-X2SmnPq1mRiDecVYL8edWx+yTBZDyC8ohWXFhXdtqFHgU9Wd4KHkvcbCoIZ0JaSaumzS8s2gXSkP8F7ivg/8ZQ==

jquery@>=1.10, jquery@>=1.12.0, "jquery@>=1.5.0 <4.0", jquery@>=1.7, "jquery@>=1.7.1 <4.0.0", jquery@>=1.7.2, jquery@^3.5.1, jquery@~3.6.0:
  version "3.6.4"
  resolved "https://registry.yarnpkg.com/jquery/-/jquery-3.6.4.tgz#ba065c188142100be4833699852bf7c24dc0252f"
  integrity sha512-v28EW9DWDFpzcD9O5iyJXg3R3+q+mET5JhnjJzQUZMHOv67bpSIHq81GEYpPNZHG+XXHsfSme3nxp/hndKEcsQ==

just-compare@^2.3.0:
  version "2.3.0"
  resolved "https://registry.yarnpkg.com/just-compare/-/just-compare-2.3.0.tgz#a2adcc1d1940536263275f5a1ef1298bcacfeda7"
  integrity sha512-6shoR7HDT+fzfL3gBahx1jZG3hWLrhPAf+l7nCwahDdT9XDtosB9kIF0ZrzUp5QY8dJWfQVr5rnsPqsbvflDzg==

lodash@^4.17.21:
  version "4.17.21"
  resolved "https://registry.yarnpkg.com/lodash/-/lodash-4.17.21.tgz#679591c564c3bffaae8454cf0b3df370c3d6911c"
  integrity sha512-v2kDEe57lecTulaDIuNTPy3Ry4gLGJ6Z1O3vE1krgXZNrsQ+LFTGHVxVjcXPs17LhbZVGedAJv8XZ1tvj5FvSg==

luxon@^2.3.0:
  version "2.5.2"
  resolved "https://registry.yarnpkg.com/luxon/-/luxon-2.5.2.tgz#17ed497f0277e72d58a4756d6a9abee4681457b6"
  integrity sha512-Yg7/RDp4nedqmLgyH0LwgGRvMEKVzKbUdkBYyCosbHgJ+kaOUx0qzSiSatVc3DFygnirTPYnMM2P5dg2uH1WvA==

malihu-custom-scrollbar-plugin@^3.1.5:
  version "3.1.5"
  resolved "https://registry.yarnpkg.com/malihu-custom-scrollbar-plugin/-/malihu-custom-scrollbar-plugin-3.1.5.tgz#310cecc5e59415a1c29e9dfb5d2b6e01d66a29ef"
  integrity sha512-lwW3LgI+CNDMPnP4ED2la6oYxWMkCXlnhex+s2wuOLhFDFGnGmQuTQVdRK9bvDLpxs10sGlfErVufJy9ztfgJQ==
  dependencies:
    jquery-mousewheel ">=3.0.6"

moment@^2.9.0:
  version "2.29.4"
  resolved "https://registry.yarnpkg.com/moment/-/moment-2.29.4.tgz#3dbe052889fe7c1b2ed966fcb3a77328964ef108"
  integrity sha512-5LC9SOxjSc2HF6vO2CyuTDNivEdoz2IvyJJGj6X8DJ0eFyfszE0QiEd+iXmBvUP3WHxSjFH/vIsA0EN00cgr8w==

prismjs@^1.26.0:
  version "1.29.0"
  resolved "https://registry.yarnpkg.com/prismjs/-/prismjs-1.29.0.tgz#f113555a8fa9b57c35e637bba27509dcf802dd12"
  integrity sha512-Kx/1w86q/epKcmte75LNrEoT+lX8pBpavuAbvJWRXar7Hz8jrtF+e3vY751p0R8H9HdArwaCTNDDzHg/ScJK1Q==

select2@^4.0.13:
  version "4.0.13"
  resolved "https://registry.yarnpkg.com/select2/-/select2-4.0.13.tgz#0dbe377df3f96167c4c1626033e924372d8ef44d"
  integrity sha512-1JeB87s6oN/TDxQQYCvS5EFoQyvV6eYMZZ0AeA4tdFDYWN3BAGZ8npr17UBFddU0lgAt3H0yjX3X6/ekOj1yjw==

select@^1.1.2:
  version "1.1.2"
  resolved "https://registry.yarnpkg.com/select/-/select-1.1.2.tgz#0e7350acdec80b1108528786ec1d4418d11b396d"
  integrity sha512-OwpTSOfy6xSs1+pwcNrv0RBMOzI39Lp3qQKUTPVVPRjCdNa5JH/oPRiqsesIskK8TVgmRiHwO4KXlV2Li9dANA==

sweetalert2@^11.3.6:
  version "11.7.3"
  resolved "https://registry.yarnpkg.com/sweetalert2/-/sweetalert2-11.7.3.tgz#e81ad273903a644b60d1ee0359626cc4c4ac860d"
  integrity sha512-fUN/fyVSBZNtY4Rr/Qtxn7tNNnlRAbUhQxTQ9uOo0xVMIHBmqq4/9pau5N9dB2pvkB353XL/ywRAycscLoYU3w==

timeago@^1.6.7:
  version "1.6.7"
  resolved "https://registry.yarnpkg.com/timeago/-/timeago-1.6.7.tgz#afd467c29a911e697fc22a81888c7c3022783cb5"
  integrity sha512-FikcjN98+ij0siKH4VO4dZ358PR3oDDq4Vdl1+sN9gWz1/+JXGr3uZbUShYH/hL7bMhcTpPbplJU5Tej4b4jbQ==
  dependencies:
    jquery ">=1.5.0 <4.0"

tiny-emitter@^2.0.0:
  version "2.1.0"
  resolved "https://registry.yarnpkg.com/tiny-emitter/-/tiny-emitter-2.1.0.tgz#1d1a56edfc51c43e863cbb5382a72330e3555423"
  integrity sha512-NB6Dk1A9xgQPMoGqC5CVXn123gWyte215ONT5Pp5a0yt4nlEoO1ZWeCwpncaekPHXO60i47ihFnZPiRPjRMq4Q==

toastr@^2.1.4:
  version "2.1.4"
  resolved "https://registry.yarnpkg.com/toastr/-/toastr-2.1.4.tgz#8b43be64fb9d0c414871446f2db8e8ca4e95f181"
  integrity sha512-LIy77F5n+sz4tefMmFOntcJ6HL0Fv3k1TDnNmFZ0bU/GcvIIfy6eG2v7zQmMiYgaalAiUv75ttFrPn5s0gyqlA==
  dependencies:
    jquery ">=1.12.0"
