# THIS IS AN AUTOGENERATED FILE. DO NOT EDIT THIS FILE DIRECTLY.
# yarn lockfile v1


"@abp/aspnetcore.mvc.ui.theme.basic@~10.3.0-rc.2":
  version "10.3.0-rc.2"
  resolved "https://registry.yarnpkg.com/@abp/aspnetcore.mvc.ui.theme.basic/-/aspnetcore.mvc.ui.theme.basic-10.3.0-rc.2.tgz#43b8fc1149a74c346428997e49bdfefba88c6b70"
  integrity sha512-hCCFJ98mqCUXVFIL/wevjopCeYT0RCeS8ZXbKrr5XwqiyyZbbo/X+oq/Pac40pjjYwP+4w5htcZWoofc9tQfyA==
  dependencies:
    "@abp/aspnetcore.mvc.ui.theme.shared" "~10.3.0-rc.2"

"@abp/aspnetcore.mvc.ui.theme.shared@~10.3.0-rc.2":
  version "10.3.0-rc.2"
  resolved "https://registry.yarnpkg.com/@abp/aspnetcore.mvc.ui.theme.shared/-/aspnetcore.mvc.ui.theme.shared-10.3.0-rc.2.tgz#9395eeec2ca9a6b373398bacaab577c06d466520"
  integrity sha512-+n1oG5uIrynYW78N+FUtM08/ogXxZKF9nT8fDWJjJ7Ud/xxPNrhgFtjtF8AC3HTSdY4pmSHEaIuZjJhKuuxMCQ==
  dependencies:
    "@abp/aspnetcore.mvc.ui" "~10.3.0-rc.2"
    "@abp/bootstrap" "~10.3.0-rc.2"
    "@abp/bootstrap-datepicker" "~10.3.0-rc.2"
    "@abp/bootstrap-daterangepicker" "~10.3.0-rc.2"
    "@abp/datatables.net-bs5" "~10.3.0-rc.2"
    "@abp/font-awesome" "~10.3.0-rc.2"
    "@abp/jquery-validation-unobtrusive" "~10.3.0-rc.2"
    "@abp/lodash" "~10.3.0-rc.2"
    "@abp/luxon" "~10.3.0-rc.2"
    "@abp/malihu-custom-scrollbar-plugin" "~10.3.0-rc.2"
    "@abp/moment" "~10.3.0-rc.2"
    "@abp/select2" "~10.3.0-rc.2"
    "@abp/sweetalert2" "~10.3.0-rc.2"
    "@abp/timeago" "~10.3.0-rc.2"

"@abp/aspnetcore.mvc.ui@~10.3.0-rc.2":
  version "10.3.0-rc.2"
  resolved "https://registry.yarnpkg.com/@abp/aspnetcore.mvc.ui/-/aspnetcore.mvc.ui-10.3.0-rc.2.tgz#8c37d25e774e8bd86cfc8628af4b014cced34783"
  integrity sha512-ccT+uzE1KLWzKzBBWUEqpcr9F84j/I0Mcf8H3Ci0INNOeisKtaldXulmVy7YTpsbceG78dOOXQw1yOayrjvHxQ==
  dependencies:
    ansi-colors "^4.1.3"

"@abp/bootstrap-datepicker@~10.3.0-rc.2":
  version "10.3.0-rc.2"
  resolved "https://registry.yarnpkg.com/@abp/bootstrap-datepicker/-/bootstrap-datepicker-10.3.0-rc.2.tgz#6fa2ca735935bfb2531231688923bd0d3bd44713"
  integrity sha512-5L0U3LjI3Ogbte8lZaaAubwLIf/AL/Xiqtw6531I8/AOWhOAiHmuaeab/KrJ1POTiTqGMRboHk6Q9YiGDs9HZw==
  dependencies:
    bootstrap-datepicker "^1.10.1"

"@abp/bootstrap-daterangepicker@~10.3.0-rc.2":
  version "10.3.0-rc.2"
  resolved "https://registry.yarnpkg.com/@abp/bootstrap-daterangepicker/-/bootstrap-daterangepicker-10.3.0-rc.2.tgz#2def58088de337f1c9e10f55f1808af3aee595b0"
  integrity sha512-eBZJDysYPO8p73c/B6KWIPiwTrSucR9R/yFiiSGKLhV5kpHuxYZFnnyEmorTh64CXyJfLAxlUIZrSAxtUiOfsQ==
  dependencies:
    "@abp/moment" "~10.3.0-rc.2"
    bootstrap-daterangepicker "^3.1.0"

"@abp/bootstrap@~10.3.0-rc.2":
  version "10.3.0-rc.2"
  resolved "https://registry.yarnpkg.com/@abp/bootstrap/-/bootstrap-10.3.0-rc.2.tgz#c6fd0f098d827ca7933577e71d02ed7b6d3e8b1c"
  integrity sha512-lGbCDAnMtCLcNUVTvbIxhyjAiNzyULN6GYehTNb/6VaJ7xb7jUr6rMl4hGqRmcI39erlfjutO9NsI6JM63cojA==
  dependencies:
    "@abp/core" "~10.3.0-rc.2"
    "@abp/popper.js" "~10.3.0-rc.2"
    bootstrap "^5.3.8"

"@abp/clipboard@~10.3.0-rc.2":
  version "10.3.0-rc.2"
  resolved "https://registry.yarnpkg.com/@abp/clipboard/-/clipboard-10.3.0-rc.2.tgz#debae1524017c9b612a01dfaa872ab259b264fda"
  integrity sha512-tLHEUn6m68ncnBFSaCm8v/a/xmQustAQBxBcb1rkSjOwj5Z1MyZUiS/g2sqQeZfFPiK/CRsTDjXxNx7lnyehvw==
  dependencies:
    "@abp/core" "~10.3.0-rc.2"
    clipboard "^2.0.11"

"@abp/core@~10.3.0-rc.2":
  version "10.3.0-rc.2"
  resolved "https://registry.yarnpkg.com/@abp/core/-/core-10.3.0-rc.2.tgz#a37555f5d1037ff44a7c29f84d40d20bdbf2c7af"
  integrity sha512-ppJTw65eQKDfb+ilKO2AZJ8SEmkwq2jNzwY/8YBfcEmcCNGmbMhgIrM7e9PIampFjxS+tlh/2SKGH0jFX4L4Ww==
  dependencies:
    "@abp/utils" "~10.3.0-rc.2"

"@abp/datatables.net-bs5@~10.3.0-rc.2":
  version "10.3.0-rc.2"
  resolved "https://registry.yarnpkg.com/@abp/datatables.net-bs5/-/datatables.net-bs5-10.3.0-rc.2.tgz#0239544794b1ce27e2497b58a5e89a721137b032"
  integrity sha512-RnqzCiYYmcqHSb+zd53Qwl7RcNOJ3fOyCn9ODbAseDmPeSeK8ZF7Uo7K2phVeSFYy+qGmGTCyzLejZbyPCy4yg==
  dependencies:
    "@abp/datatables.net" "~10.3.0-rc.2"
    datatables.net-bs5 "^2.3.4"

"@abp/datatables.net@~10.3.0-rc.2":
  version "10.3.0-rc.2"
  resolved "https://registry.yarnpkg.com/@abp/datatables.net/-/datatables.net-10.3.0-rc.2.tgz#97c68ce1d0d3a2614f48d72dfd38b8e1d4a14402"
  integrity sha512-Igno2zErrribrx75KlYhl1d2YT098s1dVyxCxhdMkG37S3DxX6C69DwnEYLaCGhs4dfTLWNpd8Yn1+pni3HyCg==
  dependencies:
    "@abp/jquery" "~10.3.0-rc.2"
    datatables.net "^2.3.4"

"@abp/font-awesome@~10.3.0-rc.2":
  version "10.3.0-rc.2"
  resolved "https://registry.yarnpkg.com/@abp/font-awesome/-/font-awesome-10.3.0-rc.2.tgz#218fd65e68bd7402955901e9c9ce1ca85c00cf71"
  integrity sha512-TEvz8SOwuxlo7/6w7AMwGn19BgsQLFVYK9fYFwmjUYbSr3yfsJ5eFaJB0/dJJ2Zw70yEE2d5Mnzxm4rq0ttJ6w==
  dependencies:
    "@abp/core" "~10.3.0-rc.2"
    "@fortawesome/fontawesome-free" "^7.0.1"

"@abp/jquery-validation-unobtrusive@~10.3.0-rc.2":
  version "10.3.0-rc.2"
  resolved "https://registry.yarnpkg.com/@abp/jquery-validation-unobtrusive/-/jquery-validation-unobtrusive-10.3.0-rc.2.tgz#7f06f981140b550dd8f6e9d5be7d483084ba4799"
  integrity sha512-aks1r4neR1zXS4cx7OKpGiLTKDtXIGBRqxkU5JnxrASHw+h34RXasX48+bnNPTQUJhW1Si2cksPGCsRsph4cvg==
  dependencies:
    "@abp/jquery-validation" "~10.3.0-rc.2"
    jquery-validation-unobtrusive "^4.0.0"

"@abp/jquery-validation@~10.3.0-rc.2":
  version "10.3.0-rc.2"
  resolved "https://registry.yarnpkg.com/@abp/jquery-validation/-/jquery-validation-10.3.0-rc.2.tgz#34d5b94c8fdda2161a3db9cb5d84976fa9d6936c"
  integrity sha512-K9YzTu3sNi8LMHJ8KeSQ0wCZr2nwEEtlagmeizF4wvVhcHaO/878WfquB31Fp8cjb3r9Spl9S9LtIPDGstcDpQ==
  dependencies:
    "@abp/jquery" "~10.3.0-rc.2"
    jquery-validation "^1.21.0"

"@abp/jquery@~10.3.0-rc.2":
  version "10.3.0-rc.2"
  resolved "https://registry.yarnpkg.com/@abp/jquery/-/jquery-10.3.0-rc.2.tgz#48731695419d13e5eafa2d3d2775cde9be517470"
  integrity sha512-Hdy9jdR4WSP314wCGYnFj00bWY33XUepQ5sKzvr7e3ZuIQpQH4qkT9uj2qjDTeagB98HRpUM/ScM9pQkCFMJoQ==
  dependencies:
    "@abp/core" "~10.3.0-rc.2"
    jquery "~3.7.1"

"@abp/lodash@~10.3.0-rc.2":
  version "10.3.0-rc.2"
  resolved "https://registry.yarnpkg.com/@abp/lodash/-/lodash-10.3.0-rc.2.tgz#b774fcef0d3290ff401fd9c1fa653c40432f949f"
  integrity sha512-Mv+J0DZJHNfp3P6Q43ZP2+bKlF9NHS++THkucLvgiumrTO01+5zpJzQYrkWbd9pSsmG91ReFbWNe5gUwdClnJg==
  dependencies:
    "@abp/core" "~10.3.0-rc.2"
    lodash "^4.17.21"

"@abp/luxon@~10.3.0-rc.2":
  version "10.3.0-rc.2"
  resolved "https://registry.yarnpkg.com/@abp/luxon/-/luxon-10.3.0-rc.2.tgz#706fb92827a1a1c72e1cf39bc51c9db6e7f66a97"
  integrity sha512-YhIFiVEzW8/ctjBWmE/eDg8hRm/H2wWfUR1tH7vg0cVvY/pZnQNQGkZdU3OBOdSEysG6XXAOpYvituBPgii5NQ==
  dependencies:
    "@abp/core" "~10.3.0-rc.2"
    luxon "^3.7.2"

"@abp/malihu-custom-scrollbar-plugin@~10.3.0-rc.2":
  version "10.3.0-rc.2"
  resolved "https://registry.yarnpkg.com/@abp/malihu-custom-scrollbar-plugin/-/malihu-custom-scrollbar-plugin-10.3.0-rc.2.tgz#abfe36ddda2e91e0d3a0e3134686bc4c3fd32ca9"
  integrity sha512-eNudxGe0OhNgS/TyNjacianWC8+KtLEPc8yWDjplQdSpzmQLaUQQZCJm5WnlZIXia8TStyx1Tvu/6nLxoF9esw==
  dependencies:
    "@abp/core" "~10.3.0-rc.2"
    malihu-custom-scrollbar-plugin "^3.1.5"

"@abp/moment@~10.3.0-rc.2":
  version "10.3.0-rc.2"
  resolved "https://registry.yarnpkg.com/@abp/moment/-/moment-10.3.0-rc.2.tgz#025a0e836d4ab832742152a6362cad3e527b7d4f"
  integrity sha512-JT0ewHg0QgztDza0VO49yegKSuz1VmyULIYRIhblWwczPnRzwLAWTzPVeYPUJYpyHx2rnvDH7DNY0H1tHt+QgQ==
  dependencies:
    moment "^2.30.1"

"@abp/popper.js@~10.3.0-rc.2":
  version "10.3.0-rc.2"
  resolved "https://registry.yarnpkg.com/@abp/popper.js/-/popper.js-10.3.0-rc.2.tgz#5a2efdee9e64b0873db325fcfe02c367123558e8"
  integrity sha512-8nkHw99es2JMqWKE2c+cEBuUnh+HhyBWj0iJJpuoR/SN5EnxSwKy5Fk4iI/cj/6Wi9iAVEwL1uhaSLxu+IQ0zQ==
  dependencies:
    "@abp/core" "~10.3.0-rc.2"
    "@popperjs/core" "^2.11.8"

"@abp/prismjs@~10.3.0-rc.2":
  version "10.3.0-rc.2"
  resolved "https://registry.yarnpkg.com/@abp/prismjs/-/prismjs-10.3.0-rc.2.tgz#b5c4437cad4cd8e911ae1ea59d3be712249d1494"
  integrity sha512-TZBW/kpFrC7txqVv6/fW2xKDuKB+o0MBZtjENsbkcxOQIfhClqEFJ8V3/LShodznioDdec4vU6UEIKSkXc0c5Q==
  dependencies:
    "@abp/clipboard" "~10.3.0-rc.2"
    "@abp/core" "~10.3.0-rc.2"
    prismjs "^1.30.0"

"@abp/select2@~10.3.0-rc.2":
  version "10.3.0-rc.2"
  resolved "https://registry.yarnpkg.com/@abp/select2/-/select2-10.3.0-rc.2.tgz#d5d040110b5150d729b804448b540cb76d2a1ce4"
  integrity sha512-RsMDCARbZ4KP74/wX7Aeo2RaKz08JA+rIsSSRdijppiCvuZchPgQ/4O0oB5BiYZHw15vVWTb4+ug8lYoB1P9RQ==
  dependencies:
    "@abp/core" "~10.3.0-rc.2"
    select2 "^4.0.13"

"@abp/sweetalert2@~10.3.0-rc.2":
  version "10.3.0-rc.2"
  resolved "https://registry.yarnpkg.com/@abp/sweetalert2/-/sweetalert2-10.3.0-rc.2.tgz#d8b3a1e6cbcafd64a4c69c101eaa7aa99580a827"
  integrity sha512-A/5rmHk5MH3c7+GOgOevF+slkvFXgrnAMSv61sNPVtFbA6wbn9lAwcjI19EWTiR4omvLm9y65UNAPqJBIhatpw==
  dependencies:
    "@abp/core" "~10.3.0-rc.2"
    sweetalert2 "^11.23.0"

"@abp/timeago@~10.3.0-rc.2":
  version "10.3.0-rc.2"
  resolved "https://registry.yarnpkg.com/@abp/timeago/-/timeago-10.3.0-rc.2.tgz#5681bb65854ab6e2ef77fbffb6fe0fbe19b097ed"
  integrity sha512-hvc8k3QGsuV9o/f1a4dIwSwrALixviO2o24TqgAHxwJ6l5JeJ1IKLxqa4hbRz8XLSOqEwxANSwaMopmT4mdY+A==
  dependencies:
    "@abp/jquery" "~10.3.0-rc.2"
    timeago "^1.6.7"

"@abp/utils@~10.3.0-rc.2":
  version "10.3.0-rc.2"
  resolved "https://registry.yarnpkg.com/@abp/utils/-/utils-10.3.0-rc.2.tgz#412aafdc2e8972a35203591d625a86d78f54131c"
  integrity sha512-XesFTXXXBQk27LbK/y2WtEhhwbQtgGRwD63VTpPLJK8R31Dk8ySJjC055tcD24CsuSx/GQLMTgNuvdnPGEmx9g==
  dependencies:
    just-compare "^2.3.0"

"@fortawesome/fontawesome-free@^7.0.1":
  version "7.1.0"
  resolved "https://registry.yarnpkg.com/@fortawesome/fontawesome-free/-/fontawesome-free-7.1.0.tgz#8eb76278515341720aa74485266f8be121089529"
  integrity sha512-+WxNld5ZCJHvPQCr/GnzCTVREyStrAJjisUPtUxG5ngDA8TMlPnKp6dddlTpai4+1GNmltAeuk1hJEkBohwZYA==

"@popperjs/core@^2.11.8":
  version "2.11.8"
  resolved "https://registry.yarnpkg.com/@popperjs/core/-/core-2.11.8.tgz#6b79032e760a0899cd4204710beede972a3a185f"
  integrity sha512-P1st0aksCrn9sGZhp8GMYwBnQsbvAWsZAX44oXNNvLHGqAOcoVxmjZiohstwQ7SqKnbR47akdNi+uleWD8+g6A==

ansi-colors@^4.1.3:
  version "4.1.3"
  resolved "https://registry.yarnpkg.com/ansi-colors/-/ansi-colors-4.1.3.tgz#37611340eb2243e70cc604cad35d63270d48781b"
  integrity sha512-/6w/C21Pm1A7aZitlI5Ni/2J6FFQN8i1Cvz3kHABAAbw93v/NlvKdVOqz7CCWz/3iv/JplRSEEZ83XION15ovw==

bootstrap-datepicker@^1.10.1:
  version "1.10.1"
  resolved "https://registry.yarnpkg.com/bootstrap-datepicker/-/bootstrap-datepicker-1.10.1.tgz#0a8bec42957ea1ce1272b91bcf2b53696629fb86"
  integrity sha512-GIe+fsLp9Hi30oW7L2v2Q9/a4+aojrIA2p4ZagtLuKw2lpfQgjJjM0L6vl/lYQydGXWUbpoKbEC/O5tzWIkEKQ==
  dependencies:
    jquery ">=3.4.0 <4.0.0"

bootstrap-daterangepicker@^3.1.0:
  version "3.1.0"
  resolved "https://registry.yarnpkg.com/bootstrap-daterangepicker/-/bootstrap-daterangepicker-3.1.0.tgz#632e6fb2de4b6360c5c0a9d5f6adb9aace051fe8"
  integrity sha512-oaQZx6ZBDo/dZNyXGVi2rx5GmFXThyQLAxdtIqjtLlYVaQUfQALl5JZMJJZzyDIX7blfy4ppZPAJ10g8Ma4d/g==
  dependencies:
    jquery ">=1.10"
    moment "^2.9.0"

bootstrap@^5.3.8:
  version "5.3.8"
  resolved "https://registry.yarnpkg.com/bootstrap/-/bootstrap-5.3.8.tgz#6401a10057a22752d21f4e19055508980656aeed"
  integrity sha512-HP1SZDqaLDPwsNiqRqi5NcP0SSXciX2s9E+RyqJIIqGo+vJeN5AJVM98CXmW/Wux0nQ5L7jeWUdplCEf0Ee+tg==

clipboard@^2.0.11:
  version "2.0.11"
  resolved "https://registry.yarnpkg.com/clipboard/-/clipboard-2.0.11.tgz#62180360b97dd668b6b3a84ec226975762a70be5"
  integrity sha512-C+0bbOqkezLIsmWSvlsXS0Q0bmkugu7jcfMIACB+RDEntIzQIkdr148we28AfSloQLRdZlYL/QYyrq05j/3Faw==
  dependencies:
    good-listener "^1.2.2"
    select "^1.1.2"
    tiny-emitter "^2.0.0"

datatables.net-bs5@^2.3.4:
  version "2.3.4"
  resolved "https://registry.yarnpkg.com/datatables.net-bs5/-/datatables.net-bs5-2.3.4.tgz#63326190c20552c8c2c4d19a57ecdd10f0fe27ff"
  integrity sha512-OSoPWhNfiU71VjNP604uTmFRxiX32U7SCW0KRZ2X6z3ZYbIwjjoWcMEjjPWOH3uOqaI0OTDBgOgOs5G28VaJog==
  dependencies:
    datatables.net "2.3.4"
    jquery ">=1.7"

datatables.net@2.3.4, datatables.net@^2.3.4:
  version "2.3.4"
  resolved "https://registry.yarnpkg.com/datatables.net/-/datatables.net-2.3.4.tgz#8cf69f2e6cb8d271be3d5c4f75a479684d20f253"
  integrity sha512-fKuRlrBIdpAl2uIFgl9enKecHB41QmFd/2nN9LBbOvItV/JalAxLcyqdZXex7wX4ZXjnJQEnv6xeS9veOpKzSw==
  dependencies:
    jquery ">=1.7"

delegate@^3.1.2:
  version "3.2.0"
  resolved "https://registry.yarnpkg.com/delegate/-/delegate-3.2.0.tgz#b66b71c3158522e8ab5744f720d8ca0c2af59166"
  integrity sha512-IofjkYBZaZivn0V8nnsMJGBr4jVLxHDheKSW88PyxS5QC4Vo9ZbZVvhzlSxY87fVq3STR6r+4cGepyHkcWOQSw==

good-listener@^1.2.2:
  version "1.2.2"
  resolved "https://registry.yarnpkg.com/good-listener/-/good-listener-1.2.2.tgz#d53b30cdf9313dffb7dc9a0d477096aa6d145c50"
  integrity sha512-goW1b+d9q/HIwbVYZzZ6SsTr4IgE+WA44A0GmPIQstuOrgsFcT7VEJ48nmr9GaRtNu0XTKacFLGnBPAM6Afouw==
  dependencies:
    delegate "^3.1.2"

jquery-mousewheel@>=3.0.6:
  version "3.1.13"
  resolved "https://registry.yarnpkg.com/jquery-mousewheel/-/jquery-mousewheel-3.1.13.tgz#06f0335f16e353a695e7206bf50503cb523a6ee5"
  integrity sha512-GXhSjfOPyDemM005YCEHvzrEALhKDIswtxSHSR2e4K/suHVJKJxxRCGz3skPjNxjJjQa9AVSGGlYjv1M3VLIPg==

jquery-validation-unobtrusive@^4.0.0:
  version "4.0.0"
  resolved "https://registry.yarnpkg.com/jquery-validation-unobtrusive/-/jquery-validation-unobtrusive-4.0.0.tgz#dfcf25a558496a2c883db6021d10f5398d15f99d"
  integrity sha512-1ervYFFv6LX/rp7ktuLnMakHNG0piNRDyROI8Ir3hL1vPIwylAehB1AY3BPrYJnzW3WmwWryZq+Bz4sazZK9iQ==
  dependencies:
    jquery "^3.6.0"
    jquery-validation ">=1.19"

jquery-validation@>=1.19, jquery-validation@^1.21.0:
  version "1.21.0"
  resolved "https://registry.yarnpkg.com/jquery-validation/-/jquery-validation-1.21.0.tgz#78fc05ab76020912a246af3661b3f54a438bca93"
  integrity sha512-xNot0rlUIgu7duMcQ5qb6MGkGL/Z1PQaRJQoZAURW9+a/2PGOUxY36o/WyNeP2T9R6jvWB8Z9lUVvvQWI/Zs5w==

jquery@>=1.10, "jquery@>=1.5.0 <4.0", jquery@>=1.7:
  version "3.6.4"
  resolved "https://registry.yarnpkg.com/jquery/-/jquery-3.6.4.tgz#ba065c188142100be4833699852bf7c24dc0252f"
  integrity sha512-v28EW9DWDFpzcD9O5iyJXg3R3+q+mET5JhnjJzQUZMHOv67bpSIHq81GEYpPNZHG+XXHsfSme3nxp/hndKEcsQ==

"jquery@>=3.4.0 <4.0.0", jquery@^3.6.0, jquery@~3.7.1:
  version "3.7.1"
  resolved "https://registry.yarnpkg.com/jquery/-/jquery-3.7.1.tgz#083ef98927c9a6a74d05a6af02806566d16274de"
  integrity sha512-m4avr8yL8kmFN8psrbFFFmB/If14iN5o9nw/NgnnM+kybDJpRsAynV2BsfpTYrTRysYUdADVD7CkUUizgkpLfg==

just-compare@^2.3.0:
  version "2.3.0"
  resolved "https://registry.yarnpkg.com/just-compare/-/just-compare-2.3.0.tgz#a2adcc1d1940536263275f5a1ef1298bcacfeda7"
  integrity sha512-6shoR7HDT+fzfL3gBahx1jZG3hWLrhPAf+l7nCwahDdT9XDtosB9kIF0ZrzUp5QY8dJWfQVr5rnsPqsbvflDzg==

lodash@^4.17.21:
  version "4.17.21"
  resolved "https://registry.yarnpkg.com/lodash/-/lodash-4.17.21.tgz#679591c564c3bffaae8454cf0b3df370c3d6911c"
  integrity sha512-v2kDEe57lecTulaDIuNTPy3Ry4gLGJ6Z1O3vE1krgXZNrsQ+LFTGHVxVjcXPs17LhbZVGedAJv8XZ1tvj5FvSg==

luxon@^3.7.2:
  version "3.7.2"
  resolved "https://registry.yarnpkg.com/luxon/-/luxon-3.7.2.tgz#d697e48f478553cca187a0f8436aff468e3ba0ba"
  integrity sha512-vtEhXh/gNjI9Yg1u4jX/0YVPMvxzHuGgCm6tC5kZyb08yjGWGnqAjGJvcXbqQR2P3MyMEFnRbpcdFS6PBcLqew==

malihu-custom-scrollbar-plugin@^3.1.5:
  version "3.1.5"
  resolved "https://registry.yarnpkg.com/malihu-custom-scrollbar-plugin/-/malihu-custom-scrollbar-plugin-3.1.5.tgz#310cecc5e59415a1c29e9dfb5d2b6e01d66a29ef"
  integrity sha512-lwW3LgI+CNDMPnP4ED2la6oYxWMkCXlnhex+s2wuOLhFDFGnGmQuTQVdRK9bvDLpxs10sGlfErVufJy9ztfgJQ==
  dependencies:
    jquery-mousewheel ">=3.0.6"

moment@^2.30.1:
  version "2.30.1"
  resolved "https://registry.yarnpkg.com/moment/-/moment-2.30.1.tgz#f8c91c07b7a786e30c59926df530b4eac96974ae"
  integrity sha512-uEmtNhbDOrWPFS+hdjFCBfy9f2YoyzRpwcl+DqpC6taX21FzsTLQVbMV/W7PzNSX6x/bhC1zA3c2UQ5NzH6how==

moment@^2.9.0:
  version "2.29.4"
  resolved "https://registry.yarnpkg.com/moment/-/moment-2.29.4.tgz#3dbe052889fe7c1b2ed966fcb3a77328964ef108"
  integrity sha512-5LC9SOxjSc2HF6vO2CyuTDNivEdoz2IvyJJGj6X8DJ0eFyfszE0QiEd+iXmBvUP3WHxSjFH/vIsA0EN00cgr8w==

prismjs@^1.30.0:
  version "1.30.0"
  resolved "https://registry.yarnpkg.com/prismjs/-/prismjs-1.30.0.tgz#d9709969d9d4e16403f6f348c63553b19f0975a9"
  integrity sha512-DEvV2ZF2r2/63V+tK8hQvrR2ZGn10srHbXviTlcv7Kpzw8jWiNTqbVgjO3IY8RxrrOUF8VPMQQFysYYYv0YZxw==

select2@^4.0.13:
  version "4.0.13"
  resolved "https://registry.yarnpkg.com/select2/-/select2-4.0.13.tgz#0dbe377df3f96167c4c1626033e924372d8ef44d"
  integrity sha512-1JeB87s6oN/TDxQQYCvS5EFoQyvV6eYMZZ0AeA4tdFDYWN3BAGZ8npr17UBFddU0lgAt3H0yjX3X6/ekOj1yjw==

select@^1.1.2:
  version "1.1.2"
  resolved "https://registry.yarnpkg.com/select/-/select-1.1.2.tgz#0e7350acdec80b1108528786ec1d4418d11b396d"
  integrity sha512-OwpTSOfy6xSs1+pwcNrv0RBMOzI39Lp3qQKUTPVVPRjCdNa5JH/oPRiqsesIskK8TVgmRiHwO4KXlV2Li9dANA==

sweetalert2@^11.23.0:
  version "11.26.3"
  resolved "https://registry.yarnpkg.com/sweetalert2/-/sweetalert2-11.26.3.tgz#6e8188cf71818af34d62fe33a2465690cde9836d"
  integrity sha512-VU0hGw/WfI9h7Mh+SCsDlWgtxDwWZ6ccqS7QcO8zEeWnwplN1GptcLstq76OluUBSLUza6ldvKd3558OhjpJ9A==

timeago@^1.6.7:
  version "1.6.7"
  resolved "https://registry.yarnpkg.com/timeago/-/timeago-1.6.7.tgz#afd467c29a911e697fc22a81888c7c3022783cb5"
  integrity sha512-FikcjN98+ij0siKH4VO4dZ358PR3oDDq4Vdl1+sN9gWz1/+JXGr3uZbUShYH/hL7bMhcTpPbplJU5Tej4b4jbQ==
  dependencies:
    jquery ">=1.5.0 <4.0"

tiny-emitter@^2.0.0:
  version "2.1.0"
  resolved "https://registry.yarnpkg.com/tiny-emitter/-/tiny-emitter-2.1.0.tgz#1d1a56edfc51c43e863cbb5382a72330e3555423"
  integrity sha512-NB6Dk1A9xgQPMoGqC5CVXn123gWyte215ONT5Pp5a0yt4nlEoO1ZWeCwpncaekPHXO60i47ihFnZPiRPjRMq4Q==
