# THIS IS AN AUTOGENERATED FILE. DO NOT EDIT THIS FILE DIRECTLY.
# yarn lockfile v1


"@abp/aspnetcore.mvc.ui.theme.shared@~8.3.0-rc.2":
  version "8.3.0-rc.2"
  resolved "https://registry.yarnpkg.com/@abp/aspnetcore.mvc.ui.theme.shared/-/aspnetcore.mvc.ui.theme.shared-8.3.0-rc.2.tgz#eacc811b84cec3be59723c629f8dc7116547b9b2"
  integrity sha512-1MT2cBQyrp8/pzdvpQgn7n4JafyKoclZlSaYebGt5JmKa1rDp66pAw0zrIrRVdwfojhYbZxsZ3uvsfmbpiRo9Q==
  dependencies:
    "@abp/aspnetcore.mvc.ui" "~8.3.0-rc.2"
    "@abp/bootstrap" "~8.3.0-rc.2"
    "@abp/bootstrap-datepicker" "~8.3.0-rc.2"
    "@abp/bootstrap-daterangepicker" "~8.3.0-rc.2"
    "@abp/datatables.net-bs5" "~8.3.0-rc.2"
    "@abp/font-awesome" "~8.3.0-rc.2"
    "@abp/jquery-form" "~8.3.0-rc.2"
    "@abp/jquery-validation-unobtrusive" "~8.3.0-rc.2"
    "@abp/lodash" "~8.3.0-rc.2"
    "@abp/luxon" "~8.3.0-rc.2"
    "@abp/malihu-custom-scrollbar-plugin" "~8.3.0-rc.2"
    "@abp/moment" "~8.3.0-rc.2"
    "@abp/select2" "~8.3.0-rc.2"
    "@abp/sweetalert2" "~8.3.0-rc.2"
    "@abp/timeago" "~8.3.0-rc.2"
    "@abp/toastr" "~8.3.0-rc.2"

"@abp/aspnetcore.mvc.ui@~8.3.0-rc.2":
  version "8.3.0-rc.2"
  resolved "https://registry.yarnpkg.com/@abp/aspnetcore.mvc.ui/-/aspnetcore.mvc.ui-8.3.0-rc.2.tgz#58372b05fd1765a384e57ee53088b3ace4873e53"
  integrity sha512-jswnQx7JoOGmfrqGnS8U+dP7trdxHtM4ZJUvlz/SLQb8OeRxoQyLr4YQhpNa4cnKzN4hrXDlITp22Z3Pn3kQ9g==
  dependencies:
    ansi-colors "^4.1.3"

"@abp/bootstrap-datepicker@~8.3.0-rc.2":
  version "8.3.0-rc.2"
  resolved "https://registry.yarnpkg.com/@abp/bootstrap-datepicker/-/bootstrap-datepicker-8.3.0-rc.2.tgz#22d4944c20b85502e3b40a20e4f3a7085ca43c20"
  integrity sha512-PO6xa7ss5YyZN9ofWlMkLr8f5hto/hHNz3x8yJma2he8zaoqMz85DByYPaH1yM5CiVN+RtEUCD9MLHmDwvaLZA==
  dependencies:
    bootstrap-datepicker "^1.10.0"

"@abp/bootstrap-daterangepicker@~8.3.0-rc.2":
  version "8.3.0-rc.2"
  resolved "https://registry.yarnpkg.com/@abp/bootstrap-daterangepicker/-/bootstrap-daterangepicker-8.3.0-rc.2.tgz#fc5d920b16a126b5d4c492f2aa807d3bb5b74cec"
  integrity sha512-WrB8XeiYrFyiCWpWlWW2OUEu2MP8ZGPVRnHrTcNLe6rcp8Kj7dlzOrp6MpyJH7/lhgCTVqujoBCvphD9OOS33g==
  dependencies:
    bootstrap-daterangepicker "^3.1.0"

"@abp/bootstrap@~8.3.0-rc.2":
  version "8.3.0-rc.2"
  resolved "https://registry.yarnpkg.com/@abp/bootstrap/-/bootstrap-8.3.0-rc.2.tgz#07feafd950bb88971a8d3d5c1fdfc170d84fe13a"
  integrity sha512-1v/nIxwb//tuI1ieGixxvfkcFvVvy1pXIOtL74d99iY7jU4gdNZcIO22qtmS9kTd55dI0FbOS7bERo4pozR+3g==
  dependencies:
    "@abp/core" "~8.3.0-rc.2"
    bootstrap "^5.3.3"

"@abp/clipboard@~8.3.0-rc.2":
  version "8.3.0-rc.2"
  resolved "https://registry.yarnpkg.com/@abp/clipboard/-/clipboard-8.3.0-rc.2.tgz#ed6955b215c1591aa226373b06e329d64b45bc0c"
  integrity sha512-swA/ipl31FhEvQspgkZO+FYVfeFXsbhnVQ0aO9S7r0bsWDUA+3rbcpC2oOjRwzzE+qF2vr97f2WO/iR/o6SqpA==
  dependencies:
    "@abp/core" "~8.3.0-rc.2"
    clipboard "^2.0.11"

"@abp/core@~8.3.0-rc.2":
  version "8.3.0-rc.2"
  resolved "https://registry.yarnpkg.com/@abp/core/-/core-8.3.0-rc.2.tgz#63455a6bff294ee93fd8cbec5f0f9a994cf35322"
  integrity sha512-RoYUz1y2ZMdAzO6nSZirtYSsEqeW5uBJxnzREkT0DFj1LrB6ywnzdV05GCKbhBcNhp2gDKEGHqCPS4HOMb2uWg==
  dependencies:
    "@abp/utils" "~8.3.0-rc.2"

"@abp/datatables.net-bs5@~8.3.0-rc.2":
  version "8.3.0-rc.2"
  resolved "https://registry.yarnpkg.com/@abp/datatables.net-bs5/-/datatables.net-bs5-8.3.0-rc.2.tgz#eb75b855595e264510b29adc4e2d01820752d4a3"
  integrity sha512-/OTF0rsGqGXCSL+Nec07IP4O0oqdMgAXxgu6gxsjCnjGodhDtQioUbFC8SI8H8aOYBerVHWfMSMLgpJbGbS8eA==
  dependencies:
    "@abp/datatables.net" "~8.3.0-rc.2"
    datatables.net-bs5 "^2.0.8"

"@abp/datatables.net@~8.3.0-rc.2":
  version "8.3.0-rc.2"
  resolved "https://registry.yarnpkg.com/@abp/datatables.net/-/datatables.net-8.3.0-rc.2.tgz#38f510bb294650881b494798fe33ce9b0c0376ef"
  integrity sha512-GFV343oOGwIC3giAuTuKWzuDmIDyQkn+Sr+wLCCExn3gq9OIJI5COCCD1RIp7L9SU4t3CnzJGjvi5Qzq8iLbtQ==
  dependencies:
    "@abp/jquery" "~8.3.0-rc.2"
    datatables.net "^2.0.8"

"@abp/font-awesome@~8.3.0-rc.2":
  version "8.3.0-rc.2"
  resolved "https://registry.yarnpkg.com/@abp/font-awesome/-/font-awesome-8.3.0-rc.2.tgz#c97d656e1a1df8081180d9644d4734da36787c15"
  integrity sha512-dUQXDxvAolfksLOIj71gSi+L8L4gvri6Wi8F3CDTgRKDEPRQ9RN0T4bqkMfeTioTeXCHpeqR4YftmmxylOWQhQ==
  dependencies:
    "@abp/core" "~8.3.0-rc.2"
    "@fortawesome/fontawesome-free" "^6.5.2"

"@abp/highlight.js@~8.3.0-rc.2":
  version "8.3.0-rc.2"
  resolved "https://registry.yarnpkg.com/@abp/highlight.js/-/highlight.js-8.3.0-rc.2.tgz#3bf6dd4c3a768a0c8cdd4ca2d786e1c04358adcf"
  integrity sha512-/JPxhtOrm5G/Agl4wjG2t5zmsxS7pdtHdVlAp1WwcFK2JvJVvB504NRdBe/YANsR4DbiJTobWZe6BxRTw7Y3GQ==
  dependencies:
    "@abp/core" "~8.3.0-rc.2"
    "@highlightjs/cdn-assets" "~11.9.0"

"@abp/jquery-form@~8.3.0-rc.2":
  version "8.3.0-rc.2"
  resolved "https://registry.yarnpkg.com/@abp/jquery-form/-/jquery-form-8.3.0-rc.2.tgz#eecc01b21cb2b8ad0f889662175ca66c6d8f2fe4"
  integrity sha512-ng5QHRxGE/aYzSjSXTI84L80xn/fyXSXF1hLgVT2teOR/6XWe7FmDv/SSrYi0oRopeY5dgDrzVpKp2j7+qx/yg==
  dependencies:
    "@abp/jquery" "~8.3.0-rc.2"
    jquery-form "^4.3.0"

"@abp/jquery-validation-unobtrusive@~8.3.0-rc.2":
  version "8.3.0-rc.2"
  resolved "https://registry.yarnpkg.com/@abp/jquery-validation-unobtrusive/-/jquery-validation-unobtrusive-8.3.0-rc.2.tgz#6606b71c0043e0a2e382ee07ee2de840ac12b545"
  integrity sha512-oS2t9M6j4YI6QSETDZw67fqhpyvpWSpvC/RiuWvMhBKZOWyNPMT3b/42Fz2LI22xSODwNM7jaESEUbdo11PI3Q==
  dependencies:
    "@abp/jquery-validation" "~8.3.0-rc.2"
    jquery-validation-unobtrusive "^4.0.0"

"@abp/jquery-validation@~8.3.0-rc.2":
  version "8.3.0-rc.2"
  resolved "https://registry.yarnpkg.com/@abp/jquery-validation/-/jquery-validation-8.3.0-rc.2.tgz#028d9e6c1e94b1c1f9c64607f35d992857fe3121"
  integrity sha512-8QmoVDQpbjl/ggfbsXPh1kf3XxFCtuyykeLdhCqYurLSw9UHejDtc/7lJA85L6eiFAjJs6VzbdP9ORnlWyOYgQ==
  dependencies:
    "@abp/jquery" "~8.3.0-rc.2"
    jquery-validation "^1.20.1"

"@abp/jquery@~8.3.0-rc.2":
  version "8.3.0-rc.2"
  resolved "https://registry.yarnpkg.com/@abp/jquery/-/jquery-8.3.0-rc.2.tgz#4b40ace6d7e7331b1ff5fa41d9a7ce724def7808"
  integrity sha512-HDUXVXrHa/HHbkhfLDwxIr6NNQLz+R9M/Gf8+UsxDnzevWZw9hzkwQnO3RWcK99hyaeURA2DEKLGSGa7ip3qfg==
  dependencies:
    "@abp/core" "~8.3.0-rc.2"
    jquery "~3.7.1"

"@abp/lodash@~8.3.0-rc.2":
  version "8.3.0-rc.2"
  resolved "https://registry.yarnpkg.com/@abp/lodash/-/lodash-8.3.0-rc.2.tgz#3d714095ac1985bb9688a4a2f7d2b6e439fbab50"
  integrity sha512-fhjtXi7pWlNlCbayU2BqeLAbYyds5HlHF0jrqitXS6r07l6VIru5f5f1h1yd3T5RIwoA0ZT9ZrICqvxH9iQA/w==
  dependencies:
    "@abp/core" "~8.3.0-rc.2"
    lodash "^4.17.21"

"@abp/luxon@~8.3.0-rc.2":
  version "8.3.0-rc.2"
  resolved "https://registry.yarnpkg.com/@abp/luxon/-/luxon-8.3.0-rc.2.tgz#67e64aed26d7f521b76271656bed8ae19b3da00f"
  integrity sha512-uajtkxqRlWK1jACB53lOhF7g8Rj+S9CCHSm2uNuAGcAK30kEZQfLEZTLzzOJ/evqDTiBay1hNYAPHnzY7Uigzw==
  dependencies:
    "@abp/core" "~8.3.0-rc.2"
    luxon "^3.4.4"

"@abp/malihu-custom-scrollbar-plugin@~8.3.0-rc.2":
  version "8.3.0-rc.2"
  resolved "https://registry.yarnpkg.com/@abp/malihu-custom-scrollbar-plugin/-/malihu-custom-scrollbar-plugin-8.3.0-rc.2.tgz#e3170cf9ed7a333040151bc1c70405d7e9269e80"
  integrity sha512-GLPLnh89ebM6i3EyMjzSYtukT1lU5MSEJ/A18zIzDYgH9SUMFMe4yFJtGDngUtyzQA23hyuHcj3u1CIgPtKuGQ==
  dependencies:
    "@abp/core" "~8.3.0-rc.2"
    malihu-custom-scrollbar-plugin "^3.1.5"

"@abp/moment@~8.3.0-rc.2":
  version "8.3.0-rc.2"
  resolved "https://registry.yarnpkg.com/@abp/moment/-/moment-8.3.0-rc.2.tgz#cfa76dba9731e03f24acabe8d254c077b683b99a"
  integrity sha512-2JglkMbePjxoHRBjd52MGFMqWwzDdmer1hpPJ7BvznL4tklXtSg+Q7D2z7VB1bv+ZAe31cqI8IxwdxWf2eyOmw==
  dependencies:
    moment "^2.30.1"

"@abp/prismjs@~8.3.0-rc.2":
  version "8.3.0-rc.2"
  resolved "https://registry.yarnpkg.com/@abp/prismjs/-/prismjs-8.3.0-rc.2.tgz#bfdc7f12e8b51e321267bcb82500ffa9cb96f69c"
  integrity sha512-LYYN6bqjVR/hsA2NJ5LQuPxgDsE/FTHxUVGIMk2TmFKnk8KUjQ7hDE/rllIwGWwxPtS96M6NPnzmrR8NDwI3cA==
  dependencies:
    "@abp/clipboard" "~8.3.0-rc.2"
    "@abp/core" "~8.3.0-rc.2"
    prismjs "^1.29.0"

"@abp/select2@~8.3.0-rc.2":
  version "8.3.0-rc.2"
  resolved "https://registry.yarnpkg.com/@abp/select2/-/select2-8.3.0-rc.2.tgz#ccf997047e75bfdf30b263201cbce6d2257c7348"
  integrity sha512-ERQ/Zb8xzL704a2DLoM6ZD3IhH07MeIGn4UBhD/A3n14Yxu82Vi8qOdl+R6f0JhsDGmif/nuovxbUizFeSKmYg==
  dependencies:
    "@abp/core" "~8.3.0-rc.2"
    select2 "^4.0.13"

"@abp/sweetalert2@~8.3.0-rc.2":
  version "8.3.0-rc.2"
  resolved "https://registry.yarnpkg.com/@abp/sweetalert2/-/sweetalert2-8.3.0-rc.2.tgz#27afcabd6c3a10e76979102f5d143b404f38213c"
  integrity sha512-ZloFEPOPWXiyKGdxtxyMGglamf8shTZAzhcUlxeqwRRsTlo342LI0iopOHDQ2Kfqmeua9xgj+nhX7zc6Kh0A0w==
  dependencies:
    "@abp/core" "~8.3.0-rc.2"
    sweetalert2 "^11.3.6"

"@abp/timeago@~8.3.0-rc.2":
  version "8.3.0-rc.2"
  resolved "https://registry.yarnpkg.com/@abp/timeago/-/timeago-8.3.0-rc.2.tgz#1194a6f049b452141bd5714faff1e1fd8da20800"
  integrity sha512-8Z82DPOZYEzfYevVELC1W5L4OdMHDGVZ00QAQqFv/XGTGjMVZeTvfpXKqpEcUYPMUVHcNWU3yLkIUZXGj1qXOw==
  dependencies:
    "@abp/jquery" "~8.3.0-rc.2"
    timeago "^1.6.7"

"@abp/toastr@~8.3.0-rc.2":
  version "8.3.0-rc.2"
  resolved "https://registry.yarnpkg.com/@abp/toastr/-/toastr-8.3.0-rc.2.tgz#ef5f08f894510516d055aa4ee2abf8f311a73879"
  integrity sha512-syQJ87TVjkDegJBdsP+YfEK8I9zq3mDmLOQrEKRU2z3yX0qdc6zIRSCPTAkyBxf4C4gvdr4dNJJN/uKToaAo2Q==
  dependencies:
    "@abp/jquery" "~8.3.0-rc.2"
    toastr "^2.1.4"

"@abp/utils@~8.3.0-rc.2":
  version "8.3.0-rc.2"
  resolved "https://registry.yarnpkg.com/@abp/utils/-/utils-8.3.0-rc.2.tgz#9acb10e775c734dac2d4c48ade47c365448bbacc"
  integrity sha512-jbXbkOWseh7tqqfX7jSsERFDr/Q89FUKz81rRx5jii2RuXnc9wG9E7BSG0wCQ6+o39dgpsSjKbQgwjnjBJrpJQ==
  dependencies:
    just-compare "^2.3.0"

"@fortawesome/fontawesome-free@^6.5.2":
  version "6.6.0"
  resolved "https://registry.yarnpkg.com/@fortawesome/fontawesome-free/-/fontawesome-free-6.6.0.tgz#0e984f0f2344ee513c185d87d77defac4c0c8224"
  integrity sha512-60G28ke/sXdtS9KZCpZSHHkCbdsOGEhIUGlwq6yhY74UpTiToIh8np7A8yphhM4BWsvNFtIvLpi4co+h9Mr9Ow==

"@highlightjs/cdn-assets@~11.9.0":
  version "11.9.0"
  resolved "https://registry.yarnpkg.com/@highlightjs/cdn-assets/-/cdn-assets-11.9.0.tgz#dda036f8a039d2e7ea9a3cc7e6c347116965e58f"
  integrity sha512-F1vJKVAkLwj2Uz2ik1PDc+mDbkrecLI6gcBlAxSRUjyDpMPJjeDBanT9Y2B+xpNe1MT6zSG204Ohm/+nUMCApQ==

ansi-colors@^4.1.3:
  version "4.1.3"
  resolved "https://registry.yarnpkg.com/ansi-colors/-/ansi-colors-4.1.3.tgz#37611340eb2243e70cc604cad35d63270d48781b"
  integrity sha512-/6w/C21Pm1A7aZitlI5Ni/2J6FFQN8i1Cvz3kHABAAbw93v/NlvKdVOqz7CCWz/3iv/JplRSEEZ83XION15ovw==

bootstrap-datepicker@^1.10.0:
  version "1.10.0"
  resolved "https://registry.yarnpkg.com/bootstrap-datepicker/-/bootstrap-datepicker-1.10.0.tgz#61612bbe8bf0a69a5bce32bbcdda93ebb6ccf24a"
  integrity sha512-lWxtSYddAQOpbAO8UhYhHLcK6425eWoSjb5JDvZU3ePHEPF6A3eUr51WKaFy4PccU19JRxUG6wEU3KdhtKfvpg==
  dependencies:
    jquery ">=3.4.0 <4.0.0"

bootstrap-daterangepicker@^3.1.0:
  version "3.1.0"
  resolved "https://registry.yarnpkg.com/bootstrap-daterangepicker/-/bootstrap-daterangepicker-3.1.0.tgz#632e6fb2de4b6360c5c0a9d5f6adb9aace051fe8"
  integrity sha512-oaQZx6ZBDo/dZNyXGVi2rx5GmFXThyQLAxdtIqjtLlYVaQUfQALl5JZMJJZzyDIX7blfy4ppZPAJ10g8Ma4d/g==
  dependencies:
    jquery ">=1.10"
    moment "^2.9.0"

bootstrap@^5.3.3:
  version "5.3.3"
  resolved "https://registry.yarnpkg.com/bootstrap/-/bootstrap-5.3.3.tgz#de35e1a765c897ac940021900fcbb831602bac38"
  integrity sha512-8HLCdWgyoMguSO9o+aH+iuZ+aht+mzW0u3HIMzVu7Srrpv7EBBxTnrFlSCskwdY1+EOFQSm7uMJhNQHkdPcmjg==

clipboard@^2.0.11:
  version "2.0.11"
  resolved "https://registry.yarnpkg.com/clipboard/-/clipboard-2.0.11.tgz#62180360b97dd668b6b3a84ec226975762a70be5"
  integrity sha512-C+0bbOqkezLIsmWSvlsXS0Q0bmkugu7jcfMIACB+RDEntIzQIkdr148we28AfSloQLRdZlYL/QYyrq05j/3Faw==
  dependencies:
    good-listener "^1.2.2"
    select "^1.1.2"
    tiny-emitter "^2.0.0"

datatables.net-bs5@^2.0.8:
  version "2.1.2"
  resolved "https://registry.yarnpkg.com/datatables.net-bs5/-/datatables.net-bs5-2.1.2.tgz#8ac9424564e4d217208fe58630d9f5eb89f5a539"
  integrity sha512-DBkr0+yBDNJYmJ1JlPh/wYJ8h9yNMHDtNE7wznuZUP32CrKRsPF2pvLsvyzChY/j0ZvR5l2myxI6wDQFx+dFLQ==
  dependencies:
    datatables.net "2.1.2"
    jquery ">=1.7"

datatables.net@2.1.2, datatables.net@^2.0.8:
  version "2.1.2"
  resolved "https://registry.yarnpkg.com/datatables.net/-/datatables.net-2.1.2.tgz#7ba56756858ed7f18cacd71913c8a5d92f79b6b9"
  integrity sha512-FZMH3bVqP6pKq/LwhFRoH22xW45bWt9eAdf7hmFrZkluXId6RNOr1EnrVvwHTo/f7l/rZX4wgHvnGvtOyj9Spw==
  dependencies:
    jquery ">=1.7"

delegate@^3.1.2:
  version "3.2.0"
  resolved "https://registry.yarnpkg.com/delegate/-/delegate-3.2.0.tgz#b66b71c3158522e8ab5744f720d8ca0c2af59166"
  integrity sha512-IofjkYBZaZivn0V8nnsMJGBr4jVLxHDheKSW88PyxS5QC4Vo9ZbZVvhzlSxY87fVq3STR6r+4cGepyHkcWOQSw==

good-listener@^1.2.2:
  version "1.2.2"
  resolved "https://registry.yarnpkg.com/good-listener/-/good-listener-1.2.2.tgz#d53b30cdf9313dffb7dc9a0d477096aa6d145c50"
  integrity sha512-goW1b+d9q/HIwbVYZzZ6SsTr4IgE+WA44A0GmPIQstuOrgsFcT7VEJ48nmr9GaRtNu0XTKacFLGnBPAM6Afouw==
  dependencies:
    delegate "^3.1.2"

jquery-form@^4.3.0:
  version "4.3.0"
  resolved "https://registry.yarnpkg.com/jquery-form/-/jquery-form-4.3.0.tgz#7d3961c314a1f2d15298f4af1d3943f54f4149c6"
  integrity sha512-q3uaVCEWdLOYUCI6dpNdwf/7cJFOsUgdpq6r0taxtGQ5NJSkOzofyWm4jpOuJ5YxdmL1FI5QR+q+HB63HHLGnQ==
  dependencies:
    jquery ">=1.7.2"

jquery-mousewheel@>=3.0.6:
  version "3.1.13"
  resolved "https://registry.yarnpkg.com/jquery-mousewheel/-/jquery-mousewheel-3.1.13.tgz#06f0335f16e353a695e7206bf50503cb523a6ee5"
  integrity sha512-GXhSjfOPyDemM005YCEHvzrEALhKDIswtxSHSR2e4K/suHVJKJxxRCGz3skPjNxjJjQa9AVSGGlYjv1M3VLIPg==

jquery-validation-unobtrusive@^4.0.0:
  version "4.0.0"
  resolved "https://registry.yarnpkg.com/jquery-validation-unobtrusive/-/jquery-validation-unobtrusive-4.0.0.tgz#dfcf25a558496a2c883db6021d10f5398d15f99d"
  integrity sha512-1ervYFFv6LX/rp7ktuLnMakHNG0piNRDyROI8Ir3hL1vPIwylAehB1AY3BPrYJnzW3WmwWryZq+Bz4sazZK9iQ==
  dependencies:
    jquery "^3.6.0"
    jquery-validation ">=1.19"

jquery-validation@>=1.19, jquery-validation@^1.20.1:
  version "1.21.0"
  resolved "https://registry.yarnpkg.com/jquery-validation/-/jquery-validation-1.21.0.tgz#78fc05ab76020912a246af3661b3f54a438bca93"
  integrity sha512-xNot0rlUIgu7duMcQ5qb6MGkGL/Z1PQaRJQoZAURW9+a/2PGOUxY36o/WyNeP2T9R6jvWB8Z9lUVvvQWI/Zs5w==

jquery@>=1.10, jquery@>=1.12.0, "jquery@>=1.5.0 <4.0", jquery@>=1.7, jquery@>=1.7.2, "jquery@>=3.4.0 <4.0.0", jquery@^3.6.0, jquery@~3.7.1:
  version "3.7.1"
  resolved "https://registry.yarnpkg.com/jquery/-/jquery-3.7.1.tgz#083ef98927c9a6a74d05a6af02806566d16274de"
  integrity sha512-m4avr8yL8kmFN8psrbFFFmB/If14iN5o9nw/NgnnM+kybDJpRsAynV2BsfpTYrTRysYUdADVD7CkUUizgkpLfg==

just-compare@^2.3.0:
  version "2.3.0"
  resolved "https://registry.yarnpkg.com/just-compare/-/just-compare-2.3.0.tgz#a2adcc1d1940536263275f5a1ef1298bcacfeda7"
  integrity sha512-6shoR7HDT+fzfL3gBahx1jZG3hWLrhPAf+l7nCwahDdT9XDtosB9kIF0ZrzUp5QY8dJWfQVr5rnsPqsbvflDzg==

lodash@^4.17.21:
  version "4.17.21"
  resolved "https://registry.yarnpkg.com/lodash/-/lodash-4.17.21.tgz#679591c564c3bffaae8454cf0b3df370c3d6911c"
  integrity sha512-v2kDEe57lecTulaDIuNTPy3Ry4gLGJ6Z1O3vE1krgXZNrsQ+LFTGHVxVjcXPs17LhbZVGedAJv8XZ1tvj5FvSg==

luxon@^3.4.4:
  version "3.4.4"
  resolved "https://registry.yarnpkg.com/luxon/-/luxon-3.4.4.tgz#cf20dc27dc532ba41a169c43fdcc0063601577af"
  integrity sha512-zobTr7akeGHnv7eBOXcRgMeCP6+uyYsczwmeRCauvpvaAltgNyTbLH/+VaEAPUeWBT+1GuNmz4wC/6jtQzbbVA==

malihu-custom-scrollbar-plugin@^3.1.5:
  version "3.1.5"
  resolved "https://registry.yarnpkg.com/malihu-custom-scrollbar-plugin/-/malihu-custom-scrollbar-plugin-3.1.5.tgz#310cecc5e59415a1c29e9dfb5d2b6e01d66a29ef"
  integrity sha512-lwW3LgI+CNDMPnP4ED2la6oYxWMkCXlnhex+s2wuOLhFDFGnGmQuTQVdRK9bvDLpxs10sGlfErVufJy9ztfgJQ==
  dependencies:
    jquery-mousewheel ">=3.0.6"

moment@^2.30.1, moment@^2.9.0:
  version "2.30.1"
  resolved "https://registry.yarnpkg.com/moment/-/moment-2.30.1.tgz#f8c91c07b7a786e30c59926df530b4eac96974ae"
  integrity sha512-uEmtNhbDOrWPFS+hdjFCBfy9f2YoyzRpwcl+DqpC6taX21FzsTLQVbMV/W7PzNSX6x/bhC1zA3c2UQ5NzH6how==

prismjs@^1.29.0:
  version "1.29.0"
  resolved "https://registry.yarnpkg.com/prismjs/-/prismjs-1.29.0.tgz#f113555a8fa9b57c35e637bba27509dcf802dd12"
  integrity sha512-Kx/1w86q/epKcmte75LNrEoT+lX8pBpavuAbvJWRXar7Hz8jrtF+e3vY751p0R8H9HdArwaCTNDDzHg/ScJK1Q==

select2@^4.0.13:
  version "4.0.13"
  resolved "https://registry.yarnpkg.com/select2/-/select2-4.0.13.tgz#0dbe377df3f96167c4c1626033e924372d8ef44d"
  integrity sha512-1JeB87s6oN/TDxQQYCvS5EFoQyvV6eYMZZ0AeA4tdFDYWN3BAGZ8npr17UBFddU0lgAt3H0yjX3X6/ekOj1yjw==

select@^1.1.2:
  version "1.1.2"
  resolved "https://registry.yarnpkg.com/select/-/select-1.1.2.tgz#0e7350acdec80b1108528786ec1d4418d11b396d"
  integrity sha512-OwpTSOfy6xSs1+pwcNrv0RBMOzI39Lp3qQKUTPVVPRjCdNa5JH/oPRiqsesIskK8TVgmRiHwO4KXlV2Li9dANA==

sweetalert2@^11.3.6:
  version "11.10.5"
  resolved "https://registry.yarnpkg.com/sweetalert2/-/sweetalert2-11.10.5.tgz#ff01f45b40ad678ca1f0c2e6c98800d79a74c49f"
  integrity sha512-q9eE3EKhMcpIDU/Xcz7z5lk8axCGkgxwK47gXGrrfncnBJWxHPPHnBVAjfsVXcTt8Yi8U6HNEcBRSu+qGeyFdA==

timeago@^1.6.7:
  version "1.6.7"
  resolved "https://registry.yarnpkg.com/timeago/-/timeago-1.6.7.tgz#afd467c29a911e697fc22a81888c7c3022783cb5"
  integrity sha512-FikcjN98+ij0siKH4VO4dZ358PR3oDDq4Vdl1+sN9gWz1/+JXGr3uZbUShYH/hL7bMhcTpPbplJU5Tej4b4jbQ==
  dependencies:
    jquery ">=1.5.0 <4.0"

tiny-emitter@^2.0.0:
  version "2.1.0"
  resolved "https://registry.yarnpkg.com/tiny-emitter/-/tiny-emitter-2.1.0.tgz#1d1a56edfc51c43e863cbb5382a72330e3555423"
  integrity sha512-NB6Dk1A9xgQPMoGqC5CVXn123gWyte215ONT5Pp5a0yt4nlEoO1ZWeCwpncaekPHXO60i47ihFnZPiRPjRMq4Q==

toastr@^2.1.4:
  version "2.1.4"
  resolved "https://registry.yarnpkg.com/toastr/-/toastr-2.1.4.tgz#8b43be64fb9d0c414871446f2db8e8ca4e95f181"
  integrity sha512-LIy77F5n+sz4tefMmFOntcJ6HL0Fv3k1TDnNmFZ0bU/GcvIIfy6eG2v7zQmMiYgaalAiUv75ttFrPn5s0gyqlA==
  dependencies:
    jquery ">=1.12.0"
