# THIS IS AN AUTOGENERATED FILE. DO NOT EDIT THIS FILE DIRECTLY.
# yarn lockfile v1


"@abp/aspnetcore.mvc.ui.theme.basic@~8.3.0":
  version "8.3.0"
  resolved "https://registry.yarnpkg.com/@abp/aspnetcore.mvc.ui.theme.basic/-/aspnetcore.mvc.ui.theme.basic-8.3.0.tgz#a2d17eb5da2c3abfad4bcc842cfcda0e58a130a4"
  integrity sha512-T2dg7WlvNSrwTCfy5wk4gqiJ/15kIjMGM4wLXIJcMYn60yGY/YeX6Q4A3R/qJzfl4JdgW5rt3GpdKv86y/ADXg==
  dependencies:
    "@abp/aspnetcore.mvc.ui.theme.shared" "~8.3.0"

"@abp/aspnetcore.mvc.ui.theme.shared@~8.3.0":
  version "8.3.0"
  resolved "https://registry.yarnpkg.com/@abp/aspnetcore.mvc.ui.theme.shared/-/aspnetcore.mvc.ui.theme.shared-8.3.0.tgz#5d6bb5181a62770e9cb967980b77e75c115c5ed7"
  integrity sha512-o/0eh8jLS+YJiseTKzzioUz0vNnMFzyoz+mkyA4PlO1gqw2JFhzPhTBZ3cuyV9QlxUfEA8dWAkqAUX6vqiHwkw==
  dependencies:
    "@abp/aspnetcore.mvc.ui" "~8.3.0"
    "@abp/bootstrap" "~8.3.0"
    "@abp/bootstrap-datepicker" "~8.3.0"
    "@abp/bootstrap-daterangepicker" "~8.3.0"
    "@abp/datatables.net-bs5" "~8.3.0"
    "@abp/font-awesome" "~8.3.0"
    "@abp/jquery-form" "~8.3.0"
    "@abp/jquery-validation-unobtrusive" "~8.3.0"
    "@abp/lodash" "~8.3.0"
    "@abp/luxon" "~8.3.0"
    "@abp/malihu-custom-scrollbar-plugin" "~8.3.0"
    "@abp/moment" "~8.3.0"
    "@abp/select2" "~8.3.0"
    "@abp/sweetalert2" "~8.3.0"
    "@abp/timeago" "~8.3.0"
    "@abp/toastr" "~8.3.0"

"@abp/aspnetcore.mvc.ui@~8.3.0":
  version "8.3.0"
  resolved "https://registry.yarnpkg.com/@abp/aspnetcore.mvc.ui/-/aspnetcore.mvc.ui-8.3.0.tgz#d7ba0539bfcc6661a347dea7f952489010b3e816"
  integrity sha512-OxgZhLKiXGFYYpNJ5O/IbhinsniiBPv9586e+1Soar0GckCMIIegJxnJb1Bo1O75blrcK2cIU6LqjRT1FXt2Lw==
  dependencies:
    ansi-colors "^4.1.3"

"@abp/bootstrap-datepicker@~8.3.0":
  version "8.3.0"
  resolved "https://registry.yarnpkg.com/@abp/bootstrap-datepicker/-/bootstrap-datepicker-8.3.0.tgz#8c1bf9efec37b671d8f28b8b1e89c1ac66684267"
  integrity sha512-KCwMtm7x+cnKPeNMzhjDJUce0stwu4e57ibmvA6sMf1tmj+yB256O4E2hIDDohiT3vP/zV8HVHX6uATlcmGC9w==
  dependencies:
    bootstrap-datepicker "^1.10.0"

"@abp/bootstrap-daterangepicker@~8.3.0":
  version "8.3.0"
  resolved "https://registry.yarnpkg.com/@abp/bootstrap-daterangepicker/-/bootstrap-daterangepicker-8.3.0.tgz#2b8ed978333502677916f88cbb3e1d1b1c8a3a17"
  integrity sha512-uQSfuCQogl4BujdqvtdAoSE+z32ci8FT5+i3gLfpqbgTaxvY/Kv5NxAUH5/1sjnuAE7SMWO+eVvI3V0pXgQohg==
  dependencies:
    bootstrap-daterangepicker "^3.1.0"

"@abp/bootstrap@~8.3.0":
  version "8.3.0"
  resolved "https://registry.yarnpkg.com/@abp/bootstrap/-/bootstrap-8.3.0.tgz#96d6ea7e6ac30f6e34e495a4224f56f7b2a1a7a3"
  integrity sha512-5AmdTtakmWhZmHrb7ibvvf+KwF9OGadpAe7Kv9mNEE02K2qkp7Xw4r5o/bgVl7YfLC1FA6GZZXrV2s2t0gjHtg==
  dependencies:
    "@abp/core" "~8.3.0"
    bootstrap "^5.3.3"

"@abp/core@~8.3.0":
  version "8.3.0"
  resolved "https://registry.yarnpkg.com/@abp/core/-/core-8.3.0.tgz#3a68f5a9549efcc3e13500e301f2576751b51445"
  integrity sha512-zrxnZi4qij/Y4AZWaXuPqs3Dd7gBtU/onX7FkYxLgQDxYBfx+84QAnPRNRFKMWaD/wKbTUB0wA66U3t2aiQX9Q==
  dependencies:
    "@abp/utils" "~8.3.0"

"@abp/datatables.net-bs5@~8.3.0":
  version "8.3.0"
  resolved "https://registry.yarnpkg.com/@abp/datatables.net-bs5/-/datatables.net-bs5-8.3.0.tgz#21822ae4912a561afe9112925185aece03fcd0eb"
  integrity sha512-GOGYSSHp3iPUDFRX2Y3C0wkiCOJDuYuK/zUSzQLNpOvBMZO+I/oWBcZM+qkVowIzsoRlAGV9+CVV2B/B05qidA==
  dependencies:
    "@abp/datatables.net" "~8.3.0"
    datatables.net-bs5 "^2.0.8"

"@abp/datatables.net@~8.3.0":
  version "8.3.0"
  resolved "https://registry.yarnpkg.com/@abp/datatables.net/-/datatables.net-8.3.0.tgz#ff697758ce9309ba8311f23aec921c4722588c8b"
  integrity sha512-4dIdv7eN1tVouOUrlF+MIdg8zQpecyH61waqLgy1q5jMZQivrTSFZ7UWMG3WVOAYjw5zSUZHZPbzA+ttnaOPkg==
  dependencies:
    "@abp/jquery" "~8.3.0"
    datatables.net "^2.0.8"

"@abp/font-awesome@~8.3.0":
  version "8.3.0"
  resolved "https://registry.yarnpkg.com/@abp/font-awesome/-/font-awesome-8.3.0.tgz#9e4e9adc08dfca52c0a07d1608c5e5662675a4c9"
  integrity sha512-NRxvM/dzvQC2Cj/F5i07XB/i6IVTmXcO9sOq6TWosWib0wGaPxRbCSjy8QUAYSD1QYaVQ30XMb3XXImaMGyd8A==
  dependencies:
    "@abp/core" "~8.3.0"
    "@fortawesome/fontawesome-free" "^6.5.2"

"@abp/jquery-form@~8.3.0":
  version "8.3.0"
  resolved "https://registry.yarnpkg.com/@abp/jquery-form/-/jquery-form-8.3.0.tgz#fa2ad2fedbe3d3528ee94cbbd4f94d48f0cb5e4d"
  integrity sha512-olP9FmpNVTbOIewsVua0moHVYXw4Sl3chFbvTDLG6vRBohLSjllUXfgY3UEIVWR1PCqnAg+iEJZl9NHB9iOLBg==
  dependencies:
    "@abp/jquery" "~8.3.0"
    jquery-form "^4.3.0"

"@abp/jquery-validation-unobtrusive@~8.3.0":
  version "8.3.0"
  resolved "https://registry.yarnpkg.com/@abp/jquery-validation-unobtrusive/-/jquery-validation-unobtrusive-8.3.0.tgz#0992cdd33170df83c79aa3371038c0b30e451521"
  integrity sha512-9hidjq8x8sTnP5O3K2b2x9NpxvPd9WB03ENR6OfvM89kfSmQapSvBZTlCu80YK9NaQJ6MLQRLYOCuc3GHcj3EQ==
  dependencies:
    "@abp/jquery-validation" "~8.3.0"
    jquery-validation-unobtrusive "^4.0.0"

"@abp/jquery-validation@~8.3.0":
  version "8.3.0"
  resolved "https://registry.yarnpkg.com/@abp/jquery-validation/-/jquery-validation-8.3.0.tgz#bd6a72c6d86f116abe3b5d2adf3752bdbbcca887"
  integrity sha512-6l5BZSa3N0Fou6Se7MfUSnI2dD4SYhZ2V988bgPJQ6p37XBOZ2OAj7LEIf5FSjtUzXjao/6/vqjkPNYreNikig==
  dependencies:
    "@abp/jquery" "~8.3.0"
    jquery-validation "^1.20.1"

"@abp/jquery@~8.3.0":
  version "8.3.0"
  resolved "https://registry.yarnpkg.com/@abp/jquery/-/jquery-8.3.0.tgz#9be5ef2f769680226e6a1a981026590caf3b57ef"
  integrity sha512-GsFY+n3EtS6B0pAoKd+xMnt5Dzi5bHvIbhLgDgfQfOBzAy3twGRWsPQ3nkuXXm8TppwujMNowU1oiLKPPm0AOA==
  dependencies:
    "@abp/core" "~8.3.0"
    jquery "~3.7.1"

"@abp/lodash@~8.3.0":
  version "8.3.0"
  resolved "https://registry.yarnpkg.com/@abp/lodash/-/lodash-8.3.0.tgz#f5a0a496c999886f2d6999067bfac2e1f0c3969c"
  integrity sha512-BiAsONbKR/RKG3WjRaMWVmhNe1ELEsykVq+ogG1Rhk3kwPbvze3TS8k2p0Lu/RC41/BmDUmJ5abg1pUMwkRT8w==
  dependencies:
    "@abp/core" "~8.3.0"
    lodash "^4.17.21"

"@abp/luxon@~8.3.0":
  version "8.3.0"
  resolved "https://registry.yarnpkg.com/@abp/luxon/-/luxon-8.3.0.tgz#7dd3f756be1605506e26f7ac76b80cc082a12d07"
  integrity sha512-8gdI5BtXkVp0sFg89QVDe8AvgQ7Qfq4JCqz2PMrKPSATR3H8GD6BCaEYpRp6CNTCjVrQjGZdzKgUyea1D3dHbw==
  dependencies:
    "@abp/core" "~8.3.0"
    luxon "^3.4.4"

"@abp/malihu-custom-scrollbar-plugin@~8.3.0":
  version "8.3.0"
  resolved "https://registry.yarnpkg.com/@abp/malihu-custom-scrollbar-plugin/-/malihu-custom-scrollbar-plugin-8.3.0.tgz#c88c132c3402bbb02054ca7d446051950f87a817"
  integrity sha512-nd/mb6LJa6fMxal8PGcIjIRIoZ/UHCd01WDC9YI2H4wGCGx0CA0JyHso5oc/OEzJhUL8ujO/vYm9uLb7YahPtA==
  dependencies:
    "@abp/core" "~8.3.0"
    malihu-custom-scrollbar-plugin "^3.1.5"

"@abp/moment@~8.3.0":
  version "8.3.0"
  resolved "https://registry.yarnpkg.com/@abp/moment/-/moment-8.3.0.tgz#8e4f7a523ab76ef9e4cd96a399560bad38d38d1a"
  integrity sha512-LywSsKuQ2GN/Btmle6CcTKa811zbvUWdC+RLQA792K9HyBs6LvN0qRRluEQZgplairRgh2pDOg8tdFlUERkv2w==
  dependencies:
    moment "^2.30.1"

"@abp/select2@~8.3.0":
  version "8.3.0"
  resolved "https://registry.yarnpkg.com/@abp/select2/-/select2-8.3.0.tgz#ef4742fcd345394767f46180f61c6cabbd0b3867"
  integrity sha512-bdLt2+ImxxpiZl4HGbYJpdDROQUT7/Z/+8A+6oJNacq3lNekdvufLYgTMxKru6zTbnd9j3HFKMOTE1eRjb9Xqg==
  dependencies:
    "@abp/core" "~8.3.0"
    select2 "^4.0.13"

"@abp/sweetalert2@~8.3.0":
  version "8.3.0"
  resolved "https://registry.yarnpkg.com/@abp/sweetalert2/-/sweetalert2-8.3.0.tgz#a63020d57e44f7940817287d3d9676288bfb85aa"
  integrity sha512-ooqPM4Z2v2scnMo5l8ycTmp6t/sW4sCsvIkJ4TyM876WLQJaZxJdOao4RQWuU+dVFr9zg8cOwqLH4q7UEiO6ww==
  dependencies:
    "@abp/core" "~8.3.0"
    sweetalert2 "^11.3.6"

"@abp/timeago@~8.3.0":
  version "8.3.0"
  resolved "https://registry.yarnpkg.com/@abp/timeago/-/timeago-8.3.0.tgz#b3b8d6927bf170f77af848bc1925e5ef6835bd55"
  integrity sha512-Dd6xaUoF9Bp4F9WJnTsFBqY+Gt++UR7UmLvBZL/dvthkeNCu2I8MUsmshkUUjY0lIXpjZwefUOuyupQrgHXPMg==
  dependencies:
    "@abp/jquery" "~8.3.0"
    timeago "^1.6.7"

"@abp/toastr@~8.3.0":
  version "8.3.0"
  resolved "https://registry.yarnpkg.com/@abp/toastr/-/toastr-8.3.0.tgz#e68a2bd8f731e79034594bc2c736f7c66b3df1af"
  integrity sha512-aWK/RaX/FmcEKhJLjsw1A0K2c04m2fRJkmo9NwzBCSscy6Msw9IMkqNWLiFDThMU8/qKzq7wq3Vmk/C0IpeAwA==
  dependencies:
    "@abp/jquery" "~8.3.0"
    toastr "^2.1.4"

"@abp/utils@~8.3.0":
  version "8.3.0"
  resolved "https://registry.yarnpkg.com/@abp/utils/-/utils-8.3.0.tgz#96ae9266ad4d833fd9d723acef7fc85fabf618d9"
  integrity sha512-w/XAqza4Z8wBWRoj5uPNKbd1/bE9L/uUWk6EUSBKmljMRryWQBmaPkb1XgvrOMQIbyyF60tUvvipapQLPVh6hw==
  dependencies:
    just-compare "^2.3.0"

"@fortawesome/fontawesome-free@^6.5.2":
  version "6.6.0"
  resolved "https://registry.yarnpkg.com/@fortawesome/fontawesome-free/-/fontawesome-free-6.6.0.tgz#0e984f0f2344ee513c185d87d77defac4c0c8224"
  integrity sha512-60G28ke/sXdtS9KZCpZSHHkCbdsOGEhIUGlwq6yhY74UpTiToIh8np7A8yphhM4BWsvNFtIvLpi4co+h9Mr9Ow==

ansi-colors@^4.1.3:
  version "4.1.3"
  resolved "https://registry.yarnpkg.com/ansi-colors/-/ansi-colors-4.1.3.tgz#37611340eb2243e70cc604cad35d63270d48781b"
  integrity sha512-/6w/C21Pm1A7aZitlI5Ni/2J6FFQN8i1Cvz3kHABAAbw93v/NlvKdVOqz7CCWz/3iv/JplRSEEZ83XION15ovw==

bootstrap-datepicker@^1.10.0:
  version "1.10.0"
  resolved "https://registry.yarnpkg.com/bootstrap-datepicker/-/bootstrap-datepicker-1.10.0.tgz#61612bbe8bf0a69a5bce32bbcdda93ebb6ccf24a"
  integrity sha512-lWxtSYddAQOpbAO8UhYhHLcK6425eWoSjb5JDvZU3ePHEPF6A3eUr51WKaFy4PccU19JRxUG6wEU3KdhtKfvpg==
  dependencies:
    jquery ">=3.4.0 <4.0.0"

bootstrap-daterangepicker@^3.1.0:
  version "3.1.0"
  resolved "https://registry.yarnpkg.com/bootstrap-daterangepicker/-/bootstrap-daterangepicker-3.1.0.tgz#632e6fb2de4b6360c5c0a9d5f6adb9aace051fe8"
  integrity sha512-oaQZx6ZBDo/dZNyXGVi2rx5GmFXThyQLAxdtIqjtLlYVaQUfQALl5JZMJJZzyDIX7blfy4ppZPAJ10g8Ma4d/g==
  dependencies:
    jquery ">=1.10"
    moment "^2.9.0"

bootstrap@^5.3.3:
  version "5.3.3"
  resolved "https://registry.yarnpkg.com/bootstrap/-/bootstrap-5.3.3.tgz#de35e1a765c897ac940021900fcbb831602bac38"
  integrity sha512-8HLCdWgyoMguSO9o+aH+iuZ+aht+mzW0u3HIMzVu7Srrpv7EBBxTnrFlSCskwdY1+EOFQSm7uMJhNQHkdPcmjg==

datatables.net-bs5@^2.0.8:
  version "2.1.2"
  resolved "https://registry.yarnpkg.com/datatables.net-bs5/-/datatables.net-bs5-2.1.2.tgz#8ac9424564e4d217208fe58630d9f5eb89f5a539"
  integrity sha512-DBkr0+yBDNJYmJ1JlPh/wYJ8h9yNMHDtNE7wznuZUP32CrKRsPF2pvLsvyzChY/j0ZvR5l2myxI6wDQFx+dFLQ==
  dependencies:
    datatables.net "2.1.2"
    jquery ">=1.7"

datatables.net@2.1.2, datatables.net@^2.0.8:
  version "2.1.2"
  resolved "https://registry.yarnpkg.com/datatables.net/-/datatables.net-2.1.2.tgz#7ba56756858ed7f18cacd71913c8a5d92f79b6b9"
  integrity sha512-FZMH3bVqP6pKq/LwhFRoH22xW45bWt9eAdf7hmFrZkluXId6RNOr1EnrVvwHTo/f7l/rZX4wgHvnGvtOyj9Spw==
  dependencies:
    jquery ">=1.7"

jquery-form@^4.3.0:
  version "4.3.0"
  resolved "https://registry.yarnpkg.com/jquery-form/-/jquery-form-4.3.0.tgz#7d3961c314a1f2d15298f4af1d3943f54f4149c6"
  integrity sha512-q3uaVCEWdLOYUCI6dpNdwf/7cJFOsUgdpq6r0taxtGQ5NJSkOzofyWm4jpOuJ5YxdmL1FI5QR+q+HB63HHLGnQ==
  dependencies:
    jquery ">=1.7.2"

jquery-mousewheel@>=3.0.6:
  version "3.1.13"
  resolved "https://registry.yarnpkg.com/jquery-mousewheel/-/jquery-mousewheel-3.1.13.tgz#06f0335f16e353a695e7206bf50503cb523a6ee5"
  integrity sha512-GXhSjfOPyDemM005YCEHvzrEALhKDIswtxSHSR2e4K/suHVJKJxxRCGz3skPjNxjJjQa9AVSGGlYjv1M3VLIPg==

jquery-validation-unobtrusive@^4.0.0:
  version "4.0.0"
  resolved "https://registry.yarnpkg.com/jquery-validation-unobtrusive/-/jquery-validation-unobtrusive-4.0.0.tgz#dfcf25a558496a2c883db6021d10f5398d15f99d"
  integrity sha512-1ervYFFv6LX/rp7ktuLnMakHNG0piNRDyROI8Ir3hL1vPIwylAehB1AY3BPrYJnzW3WmwWryZq+Bz4sazZK9iQ==
  dependencies:
    jquery "^3.6.0"
    jquery-validation ">=1.19"

jquery-validation@>=1.19, jquery-validation@^1.20.1:
  version "1.21.0"
  resolved "https://registry.yarnpkg.com/jquery-validation/-/jquery-validation-1.21.0.tgz#78fc05ab76020912a246af3661b3f54a438bca93"
  integrity sha512-xNot0rlUIgu7duMcQ5qb6MGkGL/Z1PQaRJQoZAURW9+a/2PGOUxY36o/WyNeP2T9R6jvWB8Z9lUVvvQWI/Zs5w==

jquery@>=1.10, jquery@>=1.12.0, "jquery@>=1.5.0 <4.0", jquery@>=1.7, jquery@>=1.7.2:
  version "3.6.4"
  resolved "https://registry.yarnpkg.com/jquery/-/jquery-3.6.4.tgz#ba065c188142100be4833699852bf7c24dc0252f"
  integrity sha512-v28EW9DWDFpzcD9O5iyJXg3R3+q+mET5JhnjJzQUZMHOv67bpSIHq81GEYpPNZHG+XXHsfSme3nxp/hndKEcsQ==

"jquery@>=3.4.0 <4.0.0", jquery@^3.6.0, jquery@~3.7.1:
  version "3.7.1"
  resolved "https://registry.yarnpkg.com/jquery/-/jquery-3.7.1.tgz#083ef98927c9a6a74d05a6af02806566d16274de"
  integrity sha512-m4avr8yL8kmFN8psrbFFFmB/If14iN5o9nw/NgnnM+kybDJpRsAynV2BsfpTYrTRysYUdADVD7CkUUizgkpLfg==

just-compare@^2.3.0:
  version "2.3.0"
  resolved "https://registry.yarnpkg.com/just-compare/-/just-compare-2.3.0.tgz#a2adcc1d1940536263275f5a1ef1298bcacfeda7"
  integrity sha512-6shoR7HDT+fzfL3gBahx1jZG3hWLrhPAf+l7nCwahDdT9XDtosB9kIF0ZrzUp5QY8dJWfQVr5rnsPqsbvflDzg==

lodash@^4.17.21:
  version "4.17.21"
  resolved "https://registry.yarnpkg.com/lodash/-/lodash-4.17.21.tgz#679591c564c3bffaae8454cf0b3df370c3d6911c"
  integrity sha512-v2kDEe57lecTulaDIuNTPy3Ry4gLGJ6Z1O3vE1krgXZNrsQ+LFTGHVxVjcXPs17LhbZVGedAJv8XZ1tvj5FvSg==

luxon@^3.4.4:
  version "3.4.4"
  resolved "https://registry.yarnpkg.com/luxon/-/luxon-3.4.4.tgz#cf20dc27dc532ba41a169c43fdcc0063601577af"
  integrity sha512-zobTr7akeGHnv7eBOXcRgMeCP6+uyYsczwmeRCauvpvaAltgNyTbLH/+VaEAPUeWBT+1GuNmz4wC/6jtQzbbVA==

malihu-custom-scrollbar-plugin@^3.1.5:
  version "3.1.5"
  resolved "https://registry.yarnpkg.com/malihu-custom-scrollbar-plugin/-/malihu-custom-scrollbar-plugin-3.1.5.tgz#310cecc5e59415a1c29e9dfb5d2b6e01d66a29ef"
  integrity sha512-lwW3LgI+CNDMPnP4ED2la6oYxWMkCXlnhex+s2wuOLhFDFGnGmQuTQVdRK9bvDLpxs10sGlfErVufJy9ztfgJQ==
  dependencies:
    jquery-mousewheel ">=3.0.6"

moment@^2.30.1:
  version "2.30.1"
  resolved "https://registry.yarnpkg.com/moment/-/moment-2.30.1.tgz#f8c91c07b7a786e30c59926df530b4eac96974ae"
  integrity sha512-uEmtNhbDOrWPFS+hdjFCBfy9f2YoyzRpwcl+DqpC6taX21FzsTLQVbMV/W7PzNSX6x/bhC1zA3c2UQ5NzH6how==

moment@^2.9.0:
  version "2.29.4"
  resolved "https://registry.yarnpkg.com/moment/-/moment-2.29.4.tgz#3dbe052889fe7c1b2ed966fcb3a77328964ef108"
  integrity sha512-5LC9SOxjSc2HF6vO2CyuTDNivEdoz2IvyJJGj6X8DJ0eFyfszE0QiEd+iXmBvUP3WHxSjFH/vIsA0EN00cgr8w==

select2@^4.0.13:
  version "4.0.13"
  resolved "https://registry.yarnpkg.com/select2/-/select2-4.0.13.tgz#0dbe377df3f96167c4c1626033e924372d8ef44d"
  integrity sha512-1JeB87s6oN/TDxQQYCvS5EFoQyvV6eYMZZ0AeA4tdFDYWN3BAGZ8npr17UBFddU0lgAt3H0yjX3X6/ekOj1yjw==

sweetalert2@^11.3.6:
  version "11.7.3"
  resolved "https://registry.yarnpkg.com/sweetalert2/-/sweetalert2-11.7.3.tgz#e81ad273903a644b60d1ee0359626cc4c4ac860d"
  integrity sha512-fUN/fyVSBZNtY4Rr/Qtxn7tNNnlRAbUhQxTQ9uOo0xVMIHBmqq4/9pau5N9dB2pvkB353XL/ywRAycscLoYU3w==

timeago@^1.6.7:
  version "1.6.7"
  resolved "https://registry.yarnpkg.com/timeago/-/timeago-1.6.7.tgz#afd467c29a911e697fc22a81888c7c3022783cb5"
  integrity sha512-FikcjN98+ij0siKH4VO4dZ358PR3oDDq4Vdl1+sN9gWz1/+JXGr3uZbUShYH/hL7bMhcTpPbplJU5Tej4b4jbQ==
  dependencies:
    jquery ">=1.5.0 <4.0"

toastr@^2.1.4:
  version "2.1.4"
  resolved "https://registry.yarnpkg.com/toastr/-/toastr-2.1.4.tgz#8b43be64fb9d0c414871446f2db8e8ca4e95f181"
  integrity sha512-LIy77F5n+sz4tefMmFOntcJ6HL0Fv3k1TDnNmFZ0bU/GcvIIfy6eG2v7zQmMiYgaalAiUv75ttFrPn5s0gyqlA==
  dependencies:
    jquery ">=1.12.0"
