# THIS IS AN AUTOGENERATED FILE. DO NOT EDIT THIS FILE DIRECTLY.
# yarn lockfile v1


"@abp/aspnetcore.mvc.ui.theme.basic@~10.5.0":
  version "10.5.0"
  resolved "https://registry.yarnpkg.com/@abp/aspnetcore.mvc.ui.theme.basic/-/aspnetcore.mvc.ui.theme.basic-10.5.0.tgz#ea188c534693e8ab02f6892e7346c6b2a19591c1"
  integrity sha512-dFudLJ5Q+vieAuS71KD26rxfhm1qvx3g53UcZv/jCNFsaqIoF8dgHIQTdpJx4qtkXEinfvWCXO5quNff/mTXvA==
  dependencies:
    "@abp/aspnetcore.mvc.ui.theme.shared" "~10.5.0"

"@abp/aspnetcore.mvc.ui.theme.shared@~10.5.0":
  version "10.5.0"
  resolved "https://registry.yarnpkg.com/@abp/aspnetcore.mvc.ui.theme.shared/-/aspnetcore.mvc.ui.theme.shared-10.5.0.tgz#59c9d3cc5566de18a2c71734ef8e36b6461b20de"
  integrity sha512-a88SfpHDx2An6EGbCrIgDzZmuqfpkwc+lqBtllmQybhWrNjCnPSQzYJuwgQU5R6X+6HotVEpluK8Rv6FnQPS/w==
  dependencies:
    "@abp/aspnetcore.mvc.ui" "~10.5.0"
    "@abp/bootstrap" "~10.5.0"
    "@abp/bootstrap-datepicker" "~10.5.0"
    "@abp/bootstrap-daterangepicker" "~10.5.0"
    "@abp/datatables.net-bs5" "~10.5.0"
    "@abp/font-awesome" "~10.5.0"
    "@abp/jquery-validation-unobtrusive" "~10.5.0"
    "@abp/lodash" "~10.5.0"
    "@abp/luxon" "~10.5.0"
    "@abp/malihu-custom-scrollbar-plugin" "~10.5.0"
    "@abp/moment" "~10.5.0"
    "@abp/select2" "~10.5.0"
    "@abp/sweetalert2" "~10.5.0"
    "@abp/timeago" "~10.5.0"

"@abp/aspnetcore.mvc.ui@~10.5.0":
  version "10.5.0"
  resolved "https://registry.yarnpkg.com/@abp/aspnetcore.mvc.ui/-/aspnetcore.mvc.ui-10.5.0.tgz#e6bf4e3f55c8f23095e6ae63d4f1b3aa5470ab2d"
  integrity sha512-3fEzOCy5f/AMr8WypZqrfLaZPkZux4mMPtLhW8+LguC95UV14puqBE3nmxliN64GVFmYpSy6nWEfsT4AxB+nBA==
  dependencies:
    ansi-colors "^4.1.3"

"@abp/blogging@~10.5.0":
  version "10.5.0"
  resolved "https://registry.yarnpkg.com/@abp/blogging/-/blogging-10.5.0.tgz#b920201fa33e2d46843cba894b0a0068235ea362"
  integrity sha512-jVQWRjJuZ4NHJiOERX2A7t0ioNEAHf/2n8vP1vbZ5lLSO5Vxai9JTb2+mNa0+jHzWgNSIEZJ26WtJLhcHiyPqA==
  dependencies:
    "@abp/aspnetcore.mvc.ui.theme.shared" "~10.5.0"
    "@abp/owl.carousel" "~10.5.0"
    "@abp/prismjs" "~10.5.0"
    "@abp/tui-editor" "~10.5.0"

"@abp/bootstrap-datepicker@~10.5.0":
  version "10.5.0"
  resolved "https://registry.yarnpkg.com/@abp/bootstrap-datepicker/-/bootstrap-datepicker-10.5.0.tgz#4cad320259ef055d9702ffc1c3f972d9e0fe643c"
  integrity sha512-Ic9icfBIzBTHa5i15hLHTyKB13OgSbg1iTeUDG10ciKrxRaXKtTXgFCngnL/7bEBYAd/PdeYGTCg4RUhqnWvtA==
  dependencies:
    bootstrap-datepicker "^1.10.1"

"@abp/bootstrap-daterangepicker@~10.5.0":
  version "10.5.0"
  resolved "https://registry.yarnpkg.com/@abp/bootstrap-daterangepicker/-/bootstrap-daterangepicker-10.5.0.tgz#d1000a900fedd30602979f84fe97184ebf4316f9"
  integrity sha512-zfFVeSCBZoSoatTrtjDVDKZ8TX8xzyzoPaGe+vskZH5uL8CgYJnmTy7RsRlGR79PFz7VKQ/zoyNXrufZKcho+w==
  dependencies:
    "@abp/moment" "~10.5.0"
    bootstrap-daterangepicker "^3.1.0"

"@abp/bootstrap@~10.5.0":
  version "10.5.0"
  resolved "https://registry.yarnpkg.com/@abp/bootstrap/-/bootstrap-10.5.0.tgz#a224a69d06a68e7f40c7d69be48b2a0b1c721e90"
  integrity sha512-J2u16oMmi2XHfM0kP/joe+GHimyKlSGJ7cJcknNUOndEpxAX8f6WptIKmqNZv46x/3CzXsknM2AOAqGmX/gWzA==
  dependencies:
    "@abp/core" "~10.5.0"
    "@abp/popper.js" "~10.5.0"
    bootstrap "^5.3.8"

"@abp/clipboard@~10.5.0":
  version "10.5.0"
  resolved "https://registry.yarnpkg.com/@abp/clipboard/-/clipboard-10.5.0.tgz#17645cc5823daec941b3bd66a7ad85b14e42ee71"
  integrity sha512-5mz/PommBkkhDQcrTCboCzFMu3kIOuWkcNnJXrwu7jCJACf+63fWui7yboXoW34RY+WBnXnYRQuWzWXomvG9ZQ==
  dependencies:
    "@abp/core" "~10.5.0"
    clipboard "^2.0.11"

"@abp/core@~10.5.0":
  version "10.5.0"
  resolved "https://registry.yarnpkg.com/@abp/core/-/core-10.5.0.tgz#58364410c1df45ea5bb82c08e03141d8294e61e7"
  integrity sha512-RNflX2ENTMunO3MZlMx2EZu7sqHUray2lAfkUotjNLIbz0h3btb4zoMU3W5Vy/WPhWRT7Ry7FtnUCdOK+9tNkg==
  dependencies:
    "@abp/utils" "~10.5.0"

"@abp/datatables.net-bs5@~10.5.0":
  version "10.5.0"
  resolved "https://registry.yarnpkg.com/@abp/datatables.net-bs5/-/datatables.net-bs5-10.5.0.tgz#21b0e2ae9c78473980dedf89a07fdcb72f31bee2"
  integrity sha512-j2e48mBy+oZ2y+t8aLQ4iyx0XbN5QcGjTM+CBR9KnttY/w+KD2SRngdZbOdhdDI5W3IAdH5WTwmw2EyZXmf63w==
  dependencies:
    "@abp/datatables.net" "~10.5.0"
    datatables.net-bs5 "^2.3.4"

"@abp/datatables.net@~10.5.0":
  version "10.5.0"
  resolved "https://registry.yarnpkg.com/@abp/datatables.net/-/datatables.net-10.5.0.tgz#d569ae83696bc25a0802ce4b90105ecebbb602eb"
  integrity sha512-pqyOUjEtO3glFnBXd8O4uHRrQ7uwmk91ypOyFVCEX7L6Ksg3nRonoaBqPINUxFGOBs97h2nhICYZT9Lblp+4Sg==
  dependencies:
    "@abp/jquery" "~10.5.0"
    datatables.net "^2.3.4"

"@abp/font-awesome@~10.5.0":
  version "10.5.0"
  resolved "https://registry.yarnpkg.com/@abp/font-awesome/-/font-awesome-10.5.0.tgz#44347dae9d00fc20cde8fcd2cfb8cb1f58055ae2"
  integrity sha512-on3fNBdAzTvVsjDtF3NgLIEm/FBPwdDnAwhFmkqioLmpF6iPnZeW4bAFlC3dsoEGrWiCvqERir6/ckmpYLA5zg==
  dependencies:
    "@abp/core" "~10.5.0"
    "@fortawesome/fontawesome-free" "^7.0.1"

"@abp/jquery-validation-unobtrusive@~10.5.0":
  version "10.5.0"
  resolved "https://registry.yarnpkg.com/@abp/jquery-validation-unobtrusive/-/jquery-validation-unobtrusive-10.5.0.tgz#426e89a28c353f10ea26cd850818b2daa3519c81"
  integrity sha512-XF3GO/lHCOqh3wYwyItNccVE1Jw8tGKgNu0fga+QwJr6O1xI8YnbD00tvrMkSnRM3UsxL5Ty6E2AkYn1g+At5A==
  dependencies:
    "@abp/jquery-validation" "~10.5.0"
    jquery-validation-unobtrusive "^4.0.0"

"@abp/jquery-validation@~10.5.0":
  version "10.5.0"
  resolved "https://registry.yarnpkg.com/@abp/jquery-validation/-/jquery-validation-10.5.0.tgz#19c7b057cd3f08a9e85b180843dddf8a19a2b9d8"
  integrity sha512-PcLB4muI6XJkzWCVR+0T5DP44qcggeI3OF/soJBba5rrYQ5Bd7WqcNJdIg9SQK3OEzpcgwDCns5Nxt4j88fH2Q==
  dependencies:
    "@abp/jquery" "~10.5.0"
    jquery-validation "^1.21.0"

"@abp/jquery@~10.5.0":
  version "10.5.0"
  resolved "https://registry.yarnpkg.com/@abp/jquery/-/jquery-10.5.0.tgz#4fce1128f95351678c47cf3de2d6b407260d73d0"
  integrity sha512-uT79LFWW9jgyII0QxYZkZj2h6plkrwJFNocsGcafoY6hZ0bOUyxpXa8YGwEe0A+j1d5iBl08SH3k2HWu4TpJ6w==
  dependencies:
    "@abp/core" "~10.5.0"
    jquery "~3.7.1"

"@abp/lodash@~10.5.0":
  version "10.5.0"
  resolved "https://registry.yarnpkg.com/@abp/lodash/-/lodash-10.5.0.tgz#852d6cb369ff478d35345e7c17e222587a6b11d0"
  integrity sha512-Z2GwsL4aLA9wxgP1j8youSlq7glEpe7Mu3XFT/e+w2qyKxyEZtzSzhPF/2RMaAPw8fuFBdu7r1Dhz1Va1RVheg==
  dependencies:
    "@abp/core" "~10.5.0"
    lodash "^4.18.1"

"@abp/luxon@~10.5.0":
  version "10.5.0"
  resolved "https://registry.yarnpkg.com/@abp/luxon/-/luxon-10.5.0.tgz#1843a4061a791e23837a89e98624b20dad9e3b70"
  integrity sha512-CDmtfGRLREQIQ6roJjw/WuBlkvSdaPtp6qHNEFIp0vCrppQZLeMqwxmVVMaaEPtimsAmQ8vpeLouWNrJsCuCzQ==
  dependencies:
    "@abp/core" "~10.5.0"
    luxon "^3.7.2"

"@abp/malihu-custom-scrollbar-plugin@~10.5.0":
  version "10.5.0"
  resolved "https://registry.yarnpkg.com/@abp/malihu-custom-scrollbar-plugin/-/malihu-custom-scrollbar-plugin-10.5.0.tgz#ec48d62548eaa92d5340c2cfab9a85e1160530c1"
  integrity sha512-hWV8AktNDhnfwqrgYn+RSDqymgsSrcXWPdtfVns6KRk2niIVVNYzu28/CzTu7+BxSBkecAD0s9LhC4LeqYoV2w==
  dependencies:
    "@abp/core" "~10.5.0"
    malihu-custom-scrollbar-plugin "^3.1.5"

"@abp/moment@~10.5.0":
  version "10.5.0"
  resolved "https://registry.yarnpkg.com/@abp/moment/-/moment-10.5.0.tgz#2ccd8c1fe4ef1ff084c86e984d5932a9cf4a94fe"
  integrity sha512-DTEA4pR3p5NivmqaEPgnjv3ogM23DyvgvNBe/79Xogem3ERML6KBph9vKYeB2MPOI5pSLNVAsMNhG9m6Ial8TA==
  dependencies:
    moment "^2.30.1"

"@abp/owl.carousel@~10.5.0":
  version "10.5.0"
  resolved "https://registry.yarnpkg.com/@abp/owl.carousel/-/owl.carousel-10.5.0.tgz#8da4905782125bfa6fb78d254ebf907c59377a23"
  integrity sha512-VMzP6r0Cz/IgJHuqNAjKmaX3/ik4TofGmwibvr8ln0L3DiILUC5b9/PVY0UFNy2C8VIajXDEjKNSKCVmIc9UUg==
  dependencies:
    "@abp/core" "~10.5.0"
    owl.carousel "^2.3.4"

"@abp/popper.js@~10.5.0":
  version "10.5.0"
  resolved "https://registry.yarnpkg.com/@abp/popper.js/-/popper.js-10.5.0.tgz#316bd9a5b1179babc7603662068bff08d510f832"
  integrity sha512-+TwEmXxQF/sf2Pj2UVyRPyrMUmKc0HCSDzsLO89jSj4Ln+7gXgRzYo49Fuu816kJL6j/i+sXcq7BZOAEDc4X6w==
  dependencies:
    "@abp/core" "~10.5.0"
    "@popperjs/core" "^2.11.8"

"@abp/prismjs@~10.5.0":
  version "10.5.0"
  resolved "https://registry.yarnpkg.com/@abp/prismjs/-/prismjs-10.5.0.tgz#280164e3f1b4f82a545fcfdc5df6a7d79666889d"
  integrity sha512-8VufRbaS3BFsfmnpi3hm6U6UiRynnMsU95QP8YAPGaTH7tJX+Pn0E3zTOFmskgUP7ZrLG9fFRIwukahYX0K7LQ==
  dependencies:
    "@abp/clipboard" "~10.5.0"
    "@abp/core" "~10.5.0"
    prismjs "^1.30.0"

"@abp/select2@~10.5.0":
  version "10.5.0"
  resolved "https://registry.yarnpkg.com/@abp/select2/-/select2-10.5.0.tgz#78abd9211863a214fe15b3fb76bfea8333cab02d"
  integrity sha512-bqX6lUYRewSfsABhlkbf7A02ulz4oeit4ap+OCdgFa9yE75hHOzYBVHppQgCAHIdVcxw+XxOkejL6VEgM0EVRg==
  dependencies:
    "@abp/core" "~10.5.0"
    select2 "^4.0.13"

"@abp/sweetalert2@~10.5.0":
  version "10.5.0"
  resolved "https://registry.yarnpkg.com/@abp/sweetalert2/-/sweetalert2-10.5.0.tgz#e5a2dc2d2223ca842c3e7f9c5fb5b3c4d61229f2"
  integrity sha512-5sjDIXsQ3d27qO8eRPpkrFXqnBeWuswlBGUhNS5SnRA0K5Q6IzVUVTYSbo7+ulQ3nWuZbv5DWSB4xujjzShwXg==
  dependencies:
    "@abp/core" "~10.5.0"
    sweetalert2 "^11.23.0"

"@abp/timeago@~10.5.0":
  version "10.5.0"
  resolved "https://registry.yarnpkg.com/@abp/timeago/-/timeago-10.5.0.tgz#11e646bd69a1a6093b58a3100ea7ef8639339fb9"
  integrity sha512-9qEKBdW6HhpOjDaexLdPSuJ/lag/jE01yuRJo8Qj62tjnEqzMQ8QaFdqR5YN0NiADyY7phvnHCmimPKUM5hmJw==
  dependencies:
    "@abp/jquery" "~10.5.0"
    timeago "^1.6.7"

"@abp/tui-editor@~10.5.0":
  version "10.5.0"
  resolved "https://registry.yarnpkg.com/@abp/tui-editor/-/tui-editor-10.5.0.tgz#51db96a4453a9b1ba0c507351e3d19e3e464f8ae"
  integrity sha512-sNZX4jSIVDMcKcl9v8vf79WhrmLaTGjSCKG2MWyQnSc7pphfXlFLjX3MmwBzT6qMgPYUoQ0B1fuZv0Rni41zCg==
  dependencies:
    "@abp/jquery" "~10.5.0"
    "@abp/prismjs" "~10.5.0"

"@abp/utils@~10.5.0":
  version "10.5.0"
  resolved "https://registry.yarnpkg.com/@abp/utils/-/utils-10.5.0.tgz#d0c5cb23b2ad9c74fb5e0b9ecfa4fe96bbd3240a"
  integrity sha512-00mcBklr6+/4HzmR1BjWSupUPjsjrzcPXsuWyJH9ylyLfaIEh13uzHqwpw3goCNsAf1NU9MaOdqlIbGAaNB9cA==
  dependencies:
    just-compare "^2.3.0"

"@fortawesome/fontawesome-free@^7.0.1":
  version "7.1.0"
  resolved "https://registry.yarnpkg.com/@fortawesome/fontawesome-free/-/fontawesome-free-7.1.0.tgz#8eb76278515341720aa74485266f8be121089529"
  integrity sha512-+WxNld5ZCJHvPQCr/GnzCTVREyStrAJjisUPtUxG5ngDA8TMlPnKp6dddlTpai4+1GNmltAeuk1hJEkBohwZYA==

"@popperjs/core@^2.11.8":
  version "2.11.8"
  resolved "https://registry.yarnpkg.com/@popperjs/core/-/core-2.11.8.tgz#6b79032e760a0899cd4204710beede972a3a185f"
  integrity sha512-P1st0aksCrn9sGZhp8GMYwBnQsbvAWsZAX44oXNNvLHGqAOcoVxmjZiohstwQ7SqKnbR47akdNi+uleWD8+g6A==

ansi-colors@^4.1.3:
  version "4.1.3"
  resolved "https://registry.yarnpkg.com/ansi-colors/-/ansi-colors-4.1.3.tgz#37611340eb2243e70cc604cad35d63270d48781b"
  integrity sha512-/6w/C21Pm1A7aZitlI5Ni/2J6FFQN8i1Cvz3kHABAAbw93v/NlvKdVOqz7CCWz/3iv/JplRSEEZ83XION15ovw==

bootstrap-datepicker@^1.10.1:
  version "1.10.1"
  resolved "https://registry.yarnpkg.com/bootstrap-datepicker/-/bootstrap-datepicker-1.10.1.tgz#0a8bec42957ea1ce1272b91bcf2b53696629fb86"
  integrity sha512-GIe+fsLp9Hi30oW7L2v2Q9/a4+aojrIA2p4ZagtLuKw2lpfQgjJjM0L6vl/lYQydGXWUbpoKbEC/O5tzWIkEKQ==
  dependencies:
    jquery ">=3.4.0 <4.0.0"

bootstrap-daterangepicker@^3.1.0:
  version "3.1.0"
  resolved "https://registry.yarnpkg.com/bootstrap-daterangepicker/-/bootstrap-daterangepicker-3.1.0.tgz#632e6fb2de4b6360c5c0a9d5f6adb9aace051fe8"
  integrity sha512-oaQZx6ZBDo/dZNyXGVi2rx5GmFXThyQLAxdtIqjtLlYVaQUfQALl5JZMJJZzyDIX7blfy4ppZPAJ10g8Ma4d/g==
  dependencies:
    jquery ">=1.10"
    moment "^2.9.0"

bootstrap@^5.3.8:
  version "5.3.8"
  resolved "https://registry.yarnpkg.com/bootstrap/-/bootstrap-5.3.8.tgz#6401a10057a22752d21f4e19055508980656aeed"
  integrity sha512-HP1SZDqaLDPwsNiqRqi5NcP0SSXciX2s9E+RyqJIIqGo+vJeN5AJVM98CXmW/Wux0nQ5L7jeWUdplCEf0Ee+tg==

clipboard@^2.0.11:
  version "2.0.11"
  resolved "https://registry.yarnpkg.com/clipboard/-/clipboard-2.0.11.tgz#62180360b97dd668b6b3a84ec226975762a70be5"
  integrity sha512-C+0bbOqkezLIsmWSvlsXS0Q0bmkugu7jcfMIACB+RDEntIzQIkdr148we28AfSloQLRdZlYL/QYyrq05j/3Faw==
  dependencies:
    good-listener "^1.2.2"
    select "^1.1.2"
    tiny-emitter "^2.0.0"

datatables.net-bs5@^2.3.4:
  version "2.3.4"
  resolved "https://registry.yarnpkg.com/datatables.net-bs5/-/datatables.net-bs5-2.3.4.tgz#63326190c20552c8c2c4d19a57ecdd10f0fe27ff"
  integrity sha512-OSoPWhNfiU71VjNP604uTmFRxiX32U7SCW0KRZ2X6z3ZYbIwjjoWcMEjjPWOH3uOqaI0OTDBgOgOs5G28VaJog==
  dependencies:
    datatables.net "2.3.4"
    jquery ">=1.7"

datatables.net@2.3.4, datatables.net@^2.3.4:
  version "2.3.4"
  resolved "https://registry.yarnpkg.com/datatables.net/-/datatables.net-2.3.4.tgz#8cf69f2e6cb8d271be3d5c4f75a479684d20f253"
  integrity sha512-fKuRlrBIdpAl2uIFgl9enKecHB41QmFd/2nN9LBbOvItV/JalAxLcyqdZXex7wX4ZXjnJQEnv6xeS9veOpKzSw==
  dependencies:
    jquery ">=1.7"

delegate@^3.1.2:
  version "3.2.0"
  resolved "https://registry.yarnpkg.com/delegate/-/delegate-3.2.0.tgz#b66b71c3158522e8ab5744f720d8ca0c2af59166"
  integrity sha512-IofjkYBZaZivn0V8nnsMJGBr4jVLxHDheKSW88PyxS5QC4Vo9ZbZVvhzlSxY87fVq3STR6r+4cGepyHkcWOQSw==

good-listener@^1.2.2:
  version "1.2.2"
  resolved "https://registry.yarnpkg.com/good-listener/-/good-listener-1.2.2.tgz#d53b30cdf9313dffb7dc9a0d477096aa6d145c50"
  integrity sha512-goW1b+d9q/HIwbVYZzZ6SsTr4IgE+WA44A0GmPIQstuOrgsFcT7VEJ48nmr9GaRtNu0XTKacFLGnBPAM6Afouw==
  dependencies:
    delegate "^3.1.2"

jquery-mousewheel@>=3.0.6:
  version "3.1.13"
  resolved "https://registry.yarnpkg.com/jquery-mousewheel/-/jquery-mousewheel-3.1.13.tgz#06f0335f16e353a695e7206bf50503cb523a6ee5"
  integrity sha512-GXhSjfOPyDemM005YCEHvzrEALhKDIswtxSHSR2e4K/suHVJKJxxRCGz3skPjNxjJjQa9AVSGGlYjv1M3VLIPg==

jquery-validation-unobtrusive@^4.0.0:
  version "4.0.0"
  resolved "https://registry.yarnpkg.com/jquery-validation-unobtrusive/-/jquery-validation-unobtrusive-4.0.0.tgz#dfcf25a558496a2c883db6021d10f5398d15f99d"
  integrity sha512-1ervYFFv6LX/rp7ktuLnMakHNG0piNRDyROI8Ir3hL1vPIwylAehB1AY3BPrYJnzW3WmwWryZq+Bz4sazZK9iQ==
  dependencies:
    jquery "^3.6.0"
    jquery-validation ">=1.19"

jquery-validation@>=1.19, jquery-validation@^1.21.0:
  version "1.21.0"
  resolved "https://registry.yarnpkg.com/jquery-validation/-/jquery-validation-1.21.0.tgz#78fc05ab76020912a246af3661b3f54a438bca93"
  integrity sha512-xNot0rlUIgu7duMcQ5qb6MGkGL/Z1PQaRJQoZAURW9+a/2PGOUxY36o/WyNeP2T9R6jvWB8Z9lUVvvQWI/Zs5w==

jquery@>=1.10, "jquery@>=1.5.0 <4.0", jquery@>=1.7, jquery@>=1.8.3:
  version "3.6.4"
  resolved "https://registry.yarnpkg.com/jquery/-/jquery-3.6.4.tgz#ba065c188142100be4833699852bf7c24dc0252f"
  integrity sha512-v28EW9DWDFpzcD9O5iyJXg3R3+q+mET5JhnjJzQUZMHOv67bpSIHq81GEYpPNZHG+XXHsfSme3nxp/hndKEcsQ==

"jquery@>=3.4.0 <4.0.0", jquery@^3.6.0, jquery@~3.7.1:
  version "3.7.1"
  resolved "https://registry.yarnpkg.com/jquery/-/jquery-3.7.1.tgz#083ef98927c9a6a74d05a6af02806566d16274de"
  integrity sha512-m4avr8yL8kmFN8psrbFFFmB/If14iN5o9nw/NgnnM+kybDJpRsAynV2BsfpTYrTRysYUdADVD7CkUUizgkpLfg==

just-compare@^2.3.0:
  version "2.3.0"
  resolved "https://registry.yarnpkg.com/just-compare/-/just-compare-2.3.0.tgz#a2adcc1d1940536263275f5a1ef1298bcacfeda7"
  integrity sha512-6shoR7HDT+fzfL3gBahx1jZG3hWLrhPAf+l7nCwahDdT9XDtosB9kIF0ZrzUp5QY8dJWfQVr5rnsPqsbvflDzg==

lodash@^4.18.1:
  version "4.18.1"
  resolved "https://registry.yarnpkg.com/lodash/-/lodash-4.18.1.tgz#ff2b66c1f6326d59513de2407bf881439812771c"
  integrity sha512-dMInicTPVE8d1e5otfwmmjlxkZoUpiVLwyeTdUsi/Caj/gfzzblBcCE5sRHV/AsjuCmxWrte2TNGSYuCeCq+0Q==

luxon@^3.7.2:
  version "3.7.2"
  resolved "https://registry.yarnpkg.com/luxon/-/luxon-3.7.2.tgz#d697e48f478553cca187a0f8436aff468e3ba0ba"
  integrity sha512-vtEhXh/gNjI9Yg1u4jX/0YVPMvxzHuGgCm6tC5kZyb08yjGWGnqAjGJvcXbqQR2P3MyMEFnRbpcdFS6PBcLqew==

malihu-custom-scrollbar-plugin@^3.1.5:
  version "3.1.5"
  resolved "https://registry.yarnpkg.com/malihu-custom-scrollbar-plugin/-/malihu-custom-scrollbar-plugin-3.1.5.tgz#310cecc5e59415a1c29e9dfb5d2b6e01d66a29ef"
  integrity sha512-lwW3LgI+CNDMPnP4ED2la6oYxWMkCXlnhex+s2wuOLhFDFGnGmQuTQVdRK9bvDLpxs10sGlfErVufJy9ztfgJQ==
  dependencies:
    jquery-mousewheel ">=3.0.6"

moment@^2.30.1:
  version "2.30.1"
  resolved "https://registry.yarnpkg.com/moment/-/moment-2.30.1.tgz#f8c91c07b7a786e30c59926df530b4eac96974ae"
  integrity sha512-uEmtNhbDOrWPFS+hdjFCBfy9f2YoyzRpwcl+DqpC6taX21FzsTLQVbMV/W7PzNSX6x/bhC1zA3c2UQ5NzH6how==

moment@^2.9.0:
  version "2.29.4"
  resolved "https://registry.yarnpkg.com/moment/-/moment-2.29.4.tgz#3dbe052889fe7c1b2ed966fcb3a77328964ef108"
  integrity sha512-5LC9SOxjSc2HF6vO2CyuTDNivEdoz2IvyJJGj6X8DJ0eFyfszE0QiEd+iXmBvUP3WHxSjFH/vIsA0EN00cgr8w==

owl.carousel@^2.3.4:
  version "2.3.4"
  resolved "https://registry.yarnpkg.com/owl.carousel/-/owl.carousel-2.3.4.tgz#6c53dc8d24304b790e4f27a1dc4a655e973ccdc9"
  integrity sha512-JaDss9+feAvEW8KZppPSpllfposEzQiW+Ytt/Xm5t/3CTJ7YVmkh6RkWixoA2yXk2boIwedYxOvrrppIGzru9A==
  dependencies:
    jquery ">=1.8.3"

prismjs@^1.30.0:
  version "1.30.0"
  resolved "https://registry.yarnpkg.com/prismjs/-/prismjs-1.30.0.tgz#d9709969d9d4e16403f6f348c63553b19f0975a9"
  integrity sha512-DEvV2ZF2r2/63V+tK8hQvrR2ZGn10srHbXviTlcv7Kpzw8jWiNTqbVgjO3IY8RxrrOUF8VPMQQFysYYYv0YZxw==

select2@^4.0.13:
  version "4.0.13"
  resolved "https://registry.yarnpkg.com/select2/-/select2-4.0.13.tgz#0dbe377df3f96167c4c1626033e924372d8ef44d"
  integrity sha512-1JeB87s6oN/TDxQQYCvS5EFoQyvV6eYMZZ0AeA4tdFDYWN3BAGZ8npr17UBFddU0lgAt3H0yjX3X6/ekOj1yjw==

select@^1.1.2:
  version "1.1.2"
  resolved "https://registry.yarnpkg.com/select/-/select-1.1.2.tgz#0e7350acdec80b1108528786ec1d4418d11b396d"
  integrity sha512-OwpTSOfy6xSs1+pwcNrv0RBMOzI39Lp3qQKUTPVVPRjCdNa5JH/oPRiqsesIskK8TVgmRiHwO4KXlV2Li9dANA==

sweetalert2@^11.23.0:
  version "11.26.3"
  resolved "https://registry.yarnpkg.com/sweetalert2/-/sweetalert2-11.26.3.tgz#6e8188cf71818af34d62fe33a2465690cde9836d"
  integrity sha512-VU0hGw/WfI9h7Mh+SCsDlWgtxDwWZ6ccqS7QcO8zEeWnwplN1GptcLstq76OluUBSLUza6ldvKd3558OhjpJ9A==

timeago@^1.6.7:
  version "1.6.7"
  resolved "https://registry.yarnpkg.com/timeago/-/timeago-1.6.7.tgz#afd467c29a911e697fc22a81888c7c3022783cb5"
  integrity sha512-FikcjN98+ij0siKH4VO4dZ358PR3oDDq4Vdl1+sN9gWz1/+JXGr3uZbUShYH/hL7bMhcTpPbplJU5Tej4b4jbQ==
  dependencies:
    jquery ">=1.5.0 <4.0"

tiny-emitter@^2.0.0:
  version "2.1.0"
  resolved "https://registry.yarnpkg.com/tiny-emitter/-/tiny-emitter-2.1.0.tgz#1d1a56edfc51c43e863cbb5382a72330e3555423"
  integrity sha512-NB6Dk1A9xgQPMoGqC5CVXn123gWyte215ONT5Pp5a0yt4nlEoO1ZWeCwpncaekPHXO60i47ihFnZPiRPjRMq4Q==
